// !$*UTF8*$!
{
	archiveVersion = 1;
	classes = {
	};
	objectVersion = 46;
	objects = {

/* Begin PBXBuildFile section */
		683741D41BFD980E00525B4D /* BinaryTreeGenerator.swift in Sources */ = {isa = PBXBuildFile; fileRef = 683741D31BFD980E00525B4D /* BinaryTreeGenerator.swift */; settings = {ASSET_TAGS = (); }; };
		685837CD1C14EA9E006DB8C0 /* ModeSelectionViewController.swift in Sources */ = {isa = PBXBuildFile; fileRef = 685837CC1C14EA9E006DB8C0 /* ModeSelectionViewController.swift */; settings = {ASSET_TAGS = (); }; };
		685837CF1C14EAB0006DB8C0 /* Main.storyboard in Resources */ = {isa = PBXBuildFile; fileRef = 685837CE1C14EAB0006DB8C0 /* Main.storyboard */; settings = {ASSET_TAGS = (); }; };
		685837D11C14FB2C006DB8C0 /* digital-7.ttf in Resources */ = {isa = PBXBuildFile; fileRef = 685837D01C14FB2C006DB8C0 /* digital-7.ttf */; settings = {ASSET_TAGS = (); }; };
		68CD4E4E1BFD45C2003EA578 /* AppDelegate.swift in Sources */ = {isa = PBXBuildFile; fileRef = 68CD4E4D1BFD45C2003EA578 /* AppDelegate.swift */; };
		68CD4E501BFD45C2003EA578 /* MazeViewController.swift in Sources */ = {isa = PBXBuildFile; fileRef = 68CD4E4F1BFD45C2003EA578 /* MazeViewController.swift */; };
		68CD4E551BFD45C2003EA578 /* Assets.xcassets in Resources */ = {isa = PBXBuildFile; fileRef = 68CD4E541BFD45C2003EA578 /* Assets.xcassets */; };
		68CD4E581BFD45C2003EA578 /* LaunchScreen.storyboard in Resources */ = {isa = PBXBuildFile; fileRef = 68CD4E561BFD45C2003EA578 /* LaunchScreen.storyboard */; };
		68CD4E601BFD4BDA003EA578 /* BallUIView.swift in Sources */ = {isa = PBXBuildFile; fileRef = 68CD4E5F1BFD4BDA003EA578 /* BallUIView.swift */; settings = {ASSET_TAGS = (); }; };
		68F60E9B1C01AD0400CA192E /* BrickMaze.swift in Sources */ = {isa = PBXBuildFile; fileRef = 68F60E9A1C01AD0400CA192E /* BrickMaze.swift */; settings = {ASSET_TAGS = (); }; };
/* End PBXBuildFile section */

/* Begin PBXFileReference section */
		683741D31BFD980E00525B4D /* BinaryTreeGenerator.swift */ = {isa = PBXFileReference; fileEncoding = 4; lastKnownFileType = sourcecode.swift; path = BinaryTreeGenerator.swift; sourceTree = "<group>"; };
		685837CC1C14EA9E006DB8C0 /* ModeSelectionViewController.swift */ = {isa = PBXFileReference; fileEncoding = 4; lastKnownFileType = sourcecode.swift; path = ModeSelectionViewController.swift; sourceTree = "<group>"; };
		685837CE1C14EAB0006DB8C0 /* Main.storyboard */ = {isa = PBXFileReference; fileEncoding = 4; lastKnownFileType = file.storyboard; path = Main.storyboard; sourceTree = "<group>"; };
		685837D01C14FB2C006DB8C0 /* digital-7.ttf */ = {isa = PBXFileReference; lastKnownFileType = file; path = "digital-7.ttf"; sourceTree = "<group>"; };
		68CD4E4A1BFD45C2003EA578 /* LaberintoLabyrinth.app */ = {isa = PBXFileReference; explicitFileType = wrapper.application; includeInIndex = 0; path = LaberintoLabyrinth.app; sourceTree = BUILT_PRODUCTS_DIR; };
		68CD4E4D1BFD45C2003EA578 /* AppDelegate.swift */ = {isa = PBXFileReference; lastKnownFileType = sourcecode.swift; path = AppDelegate.swift; sourceTree = "<group>"; };
		68CD4E4F1BFD45C2003EA578 /* MazeViewController.swift */ = {isa = PBXFileReference; lastKnownFileType = sourcecode.swift; path = MazeViewController.swift; sourceTree = "<group>"; };
		68CD4E541BFD45C2003EA578 /* Assets.xcassets */ = {isa = PBXFileReference; lastKnownFileType = folder.assetcatalog; path = Assets.xcassets; sourceTree = "<group>"; };
		68CD4E571BFD45C2003EA578 /* Base */ = {isa = PBXFileReference; lastKnownFileType = file.storyboard; name = Base; path = Base.lproj/LaunchScreen.storyboard; sourceTree = "<group>"; };
		68CD4E591BFD45C2003EA578 /* Info.plist */ = {isa = PBXFileReference; lastKnownFileType = text.plist.xml; path = Info.plist; sourceTree = "<group>"; };
		68CD4E5F1BFD4BDA003EA578 /* BallUIView.swift */ = {isa = PBXFileReference; fileEncoding = 4; lastKnownFileType = sourcecode.swift; path = BallUIView.swift; sourceTree = "<group>"; };
		68F60E9A1C01AD0400CA192E /* BrickMaze.swift */ = {isa = PBXFileReference; fileEncoding = 4; lastKnownFileType = sourcecode.swift; path = BrickMaze.swift; sourceTree = "<group>"; };
/* End PBXFileReference section */

/* Begin PBXFrameworksBuildPhase section */
		68CD4E471BFD45C2003EA578 /* Frameworks */ = {
			isa = PBXFrameworksBuildPhase;
			buildActionMask = 2147483647;
			files = (
			);
			runOnlyForDeploymentPostprocessing = 0;
		};
/* End PBXFrameworksBuildPhase section */

/* Begin PBXGroup section */
		68CD4E411BFD45C2003EA578 = {
			isa = PBXGroup;
			children = (
				68CD4E4C1BFD45C2003EA578 /* LaberintoLabyrinth */,
				68CD4E4B1BFD45C2003EA578 /* Products */,
			);
			sourceTree = "<group>";
		};
		68CD4E4B1BFD45C2003EA578 /* Products */ = {
			isa = PBXGroup;
			children = (
				68CD4E4A1BFD45C2003EA578 /* LaberintoLabyrinth.app */,
			);
			name = Products;
			sourceTree = "<group>";
		};
		68CD4E4C1BFD45C2003EA578 /* LaberintoLabyrinth */ = {
			isa = PBXGroup;
			children = (
				68CD4E4D1BFD45C2003EA578 /* AppDelegate.swift */,
				685837CC1C14EA9E006DB8C0 /* ModeSelectionViewController.swift */,
				68CD4E541BFD45C2003EA578 /* Assets.xcassets */,
				68CD4E591BFD45C2003EA578 /* Info.plist */,
				68CD4E5F1BFD4BDA003EA578 /* BallUIView.swift */,
				683741D31BFD980E00525B4D /* BinaryTreeGenerator.swift */,
				68F60E9A1C01AD0400CA192E /* BrickMaze.swift */,
				68CD4E4F1BFD45C2003EA578 /* MazeViewController.swift */,
				685837CE1C14EAB0006DB8C0 /* Main.storyboard */,
				68CD4E561BFD45C2003EA578 /* LaunchScreen.storyboard */,
				685837D01C14FB2C006DB8C0 /* digital-7.ttf */,
			);
			path = LaberintoLabyrinth;
			sourceTree = "<group>";
		};
/* End PBXGroup section */

/* Begin PBXNativeTarget section */
		68CD4E491BFD45C2003EA578 /* LaberintoLabyrinth */ = {
			isa = PBXNativeTarget;
			buildConfigurationList = 68CD4E5C1BFD45C2003EA578 /* Build configuration list for PBXNativeTarget "LaberintoLabyrinth" */;
			buildPhases = (
				68CD4E461BFD45C2003EA578 /* Sources */,
				68CD4E471BFD45C2003EA578 /* Frameworks */,
				68CD4E481BFD45C2003EA578 /* Resources */,
			);
			buildRules = (
			);
			dependencies = (
			);
			name = LaberintoLabyrinth;
			productName = LaberintoLabyrinth;
			productReference = 68CD4E4A1BFD45C2003EA578 /* LaberintoLabyrinth.app */;
			productType = "com.apple.product-type.application";
		};
/* End PBXNativeTarget section */

/* Begin PBXProject section */
		68CD4E421BFD45C2003EA578 /* Project object */ = {
			isa = PBXProject;
			attributes = {
				LastUpgradeCheck = 0700;
				ORGANIZATIONNAME = "Pedro Trujillo";
				TargetAttributes = {
					68CD4E491BFD45C2003EA578 = {
						CreatedOnToolsVersion = 7.0.1;
						DevelopmentTeam = S775VU6U75;
					};
				};
			};
			buildConfigurationList = 68CD4E451BFD45C2003EA578 /* Build configuration list for PBXProject "LaberintoLabyrinth" */;
			compatibilityVersion = "Xcode 3.2";
			developmentRegion = English;
			hasScannedForEncodings = 0;
			knownRegions = (
				en,
				Base,
			);
			mainGroup = 68CD4E411BFD45C2003EA578;
			productRefGroup = 68CD4E4B1BFD45C2003EA578 /* Products */;
			projectDirPath = "";
			projectRoot = "";
			targets = (
				68CD4E491BFD45C2003EA578 /* LaberintoLabyrinth */,
			);
		};
/* End PBXProject section */

/* Begin PBXResourcesBuildPhase section */
		68CD4E481BFD45C2003EA578 /* Resources */ = {
			isa = PBXResourcesBuildPhase;
			buildActionMask = 2147483647;
			files = (
				68CD4E581BFD45C2003EA578 /* LaunchScreen.storyboard in Resources */,
				68CD4E551BFD45C2003EA578 /* Assets.xcassets in Resources */,
				685837CF1C14EAB0006DB8C0 /* Main.storyboard in Resources */,
				685837D11C14FB2C006DB8C0 /* digital-7.ttf in Resources */,
			);
			runOnlyForDeploymentPostprocessing = 0;
		};
/* End PBXResourcesBuildPhase section */

/* Begin PBXSourcesBuildPhase section */
		68CD4E461BFD45C2003EA578 /* Sources */ = {
			isa = PBXSourcesBuildPhase;
			buildActionMask = 2147483647;
			files = (
				683741D41BFD980E00525B4D /* BinaryTreeGenerator.swift in Sources */,
				68CD4E501BFD45C2003EA578 /* MazeViewController.swift in Sources */,
				68F60E9B1C01AD0400CA192E /* BrickMaze.swift in Sources */,
				685837CD1C14EA9E006DB8C0 /* ModeSelectionViewController.swift in Sources */,
				68CD4E601BFD4BDA003EA578 /* BallUIView.swift in Sources */,
				68CD4E4E1BFD45C2003EA578 /* AppDelegate.swift in Sources */,
			);
			runOnlyForDeploymentPostprocessing = 0;
		};
/* End PBXSourcesBuildPhase section */

/* Begin PBXVariantGroup section */
		68CD4E561BFD45C2003EA578 /* LaunchScreen.storyboard */ = {
			isa = PBXVariantGroup;
			children = (
				68CD4E571BFD45C2003EA578 /* Base */,
			);
			name = LaunchScreen.storyboard;
			sourceTree = "<group>";
		};
/* End PBXVariantGroup section */

/* Begin XCBuildConfiguration section */
		68CD4E5A1BFD45C2003EA578 /* Debug */ = {
			isa = XCBuildConfiguration;
			buildSettings = {
				ALWAYS_SEARCH_USER_PATHS = NO;
				CLANG_CXX_LANGUAGE_STANDARD = "gnu++0x";
				CLANG_CXX_LIBRARY = "libc++";
				CLANG_ENABLE_MODULES = YES;
				CLANG_ENABLE_OBJC_ARC = YES;
				CLANG_WARN_BOOL_CONVERSION = YES;
				CLANG_WARN_CONSTANT_CONVERSION = YES;
				CLANG_WARN_DIRECT_OBJC_ISA_USAGE = YES_ERROR;
				CLANG_WARN_EMPTY_BODY = YES;
				CLANG_WARN_ENUM_CONVERSION = YES;
				CLANG_WARN_INT_CONVERSION = YES;
				CLANG_WARN_OBJC_ROOT_CLASS = YES_ERROR;
				CLANG_WARN_UNREACHABLE_CODE = YES;
				CLANG_WARN__DUPLICATE_METHOD_MATCH = YES;
				"CODE_SIGN_IDENTITY[sdk=iphoneos*]" = "iPhone Developer";
				COPY_PHASE_STRIP = NO;
				DEBUG_INFORMATION_FORMAT = dwarf;
				ENABLE_STRICT_OBJC_MSGSEND = YES;
				ENABLE_TESTABILITY = YES;
				GCC_C_LANGUAGE_STANDARD = gnu99;
				GCC_DYNAMIC_NO_PIC = NO;
				GCC_NO_COMMON_BLOCKS = YES;
				GCC_OPTIMIZATION_LEVEL = 0;
				GCC_PREPROCESSOR_DEFINITIONS = (
					"DEBUG=1",
					"$(inherited)",
				);
				GCC_WARN_64_TO_32_BIT_CONVERSION = YES;
				GCC_WARN_ABOUT_RETURN_TYPE = YES_ERROR;
				GCC_WARN_UNDECLARED_SELECTOR = YES;
				GCC_WARN_UNINITIALIZED_AUTOS = YES_AGGRESSIVE;
				GCC_WARN_UNUSED_FUNCTION = YES;
				GCC_WARN_UNUSED_VARIABLE = YES;
				IPHONEOS_DEPLOYMENT_TARGET = 9.0;
				MTL_ENABLE_DEBUG_INFO = YES;
				ONLY_ACTIVE_ARCH = YES;
				SDKROOT = iphoneos;
				SWIFT_OPTIMIZATION_LEVEL = "-Onone";
			};
			name = Debug;
		};
		68CD4E5B1BFD45C2003EA578 /* Release */ = {
			isa = XCBuildConfiguration;
			buildSettings = {
				ALWAYS_SEARCH_USER_PATHS = NO;
				CLANG_CXX_LANGUAGE_STANDARD = "gnu++0x";
				CLANG_CXX_LIBRARY = "libc++";
				CLANG_ENABLE_MODULES = YES;
				CLANG_ENABLE_OBJC_ARC = YES;
				CLANG_WARN_BOOL_CONVERSION = YES;
				CLANG_WARN_CONSTANT_CONVERSION = YES;
				CLANG_WARN_DIRECT_OBJC_ISA_USAGE = YES_ERROR;
				CLANG_WARN_EMPTY_BODY = YES;
				CLANG_WARN_ENUM_CONVERSION = YES;
				CLANG_WARN_INT_CONVERSION = YES;
				CLANG_WARN_OBJC_ROOT_CLASS = YES_ERROR;
				CLANG_WARN_UNREACHABLE_CODE = YES;
				CLANG_WARN__DUPLICATE_METHOD_MATCH = YES;
				"CODE_SIGN_IDENTITY[sdk=iphoneos*]" = "iPhone Developer";
				COPY_PHASE_STRIP = NO;
				DEBUG_INFORMATION_FORMAT = "dwarf-with-dsym";
				ENABLE_NS_ASSERTIONS = NO;
				ENABLE_STRICT_OBJC_MSGSEND = YES;
				GCC_C_LANGUAGE_STANDARD = gnu99;
				GCC_NO_COMMON_BLOCKS = YES;
				GCC_WARN_64_TO_32_BIT_CONVERSION = YES;
				GCC_WARN_ABOUT_RETURN_TYPE = YES_ERROR;
				GCC_WARN_UNDECLARED_SELECTOR = YES;
				GCC_WARN_UNINITIALIZED_AUTOS = YES_AGGRESSIVE;
				GCC_WARN_UNUSED_FUNCTION = YES;
				GCC_WARN_UNUSED_VARIABLE = YES;
				IPHONEOS_DEPLOYMENT_TARGET = 9.0;
				MTL_ENABLE_DEBUG_INFO = NO;
				SDKROOT = iphoneos;
				VALIDATE_PRODUCT = YES;
			};
			name = Release;
		};
		68CD4E5D1BFD45C2003EA578 /* Debug */ = {
			isa = XCBuildConfiguration;
			buildSettings = {
				ASSETCATALOG_COMPILER_APPICON_NAME = AppIcon;
				CODE_SIGN_IDENTITY = "iPhone Developer";
				"CODE_SIGN_IDENTITY[sdk=iphoneos*]" = "iPhone Developer";
				INFOPLIST_FILE = LaberintoLabyrinth/Info.plist;
				IPHONEOS_DEPLOYMENT_TARGET = 8.3;
				LD_RUNPATH_SEARCH_PATHS = "$(inherited) @executable_path/Frameworks";
				PRODUCT_BUNDLE_IDENTIFIER = com.tiy.LaberintoLabyrinth;
				PRODUCT_NAME = "$(TARGET_NAME)";
				PROVISIONING_PROFILE = "";
			};
			name = Debug;
		};
		68CD4E5E1BFD45C2003EA578 /* Release */ = {
			isa = XCBuildConfiguration;
			buildSettings = {
				ASSETCATALOG_COMPILER_APPICON_NAME = AppIcon;
				CODE_SIGN_IDENTITY = "iPhone Developer";
				"CODE_SIGN_IDENTITY[sdk=iphoneos*]" = "iPhone Developer";
				INFOPLIST_FILE = LaberintoLabyrinth/Info.plist;
				IPHONEOS_DEPLOYMENT_TARGET = 8.3;
				LD_RUNPATH_SEARCH_PATHS = "$(inherited) @executable_path/Frameworks";
				PRODUCT_BUNDLE_IDENTIFIER = com.tiy.LaberintoLabyrinth;
				PRODUCT_NAME = "$(TARGET_NAME)";
				PROVISIONING_PROFILE = "";
			};
			name = Release;
		};
/* End XCBuildConfiguration section */

/* Begin XCConfigurationList section */
		68CD4E451BFD45C2003EA578 /* Build configuration list for PBXProject "LaberintoLabyrinth" */ = {
			isa = XCConfigurationList;
			buildConfigurations = (
				68CD4E5A1BFD45C2003EA578 /* Debug */,
				68CD4E5B1BFD45C2003EA578 /* Release */,
			);
			defaultConfigurationIsVisible = 0;
			defaultConfigurationName = Release;
		};
		68CD4E5C1BFD45C2003EA578 /* Build configuration list for PBXNativeTarget "LaberintoLabyrinth" */ = {
			isa = XCConfigurationList;
			buildConfigurations = (
				68CD4E5D1BFD45C2003EA578 /* Debug */,
				68CD4E5E1BFD45C2003EA578 /* Release */,
			);
			defaultConfigurationIsVisible = 0;
			defaultConfigurationName = Release;
		};
/* End XCConfigurationList section */
	};
	rootObject = 68CD4E421BFD45C2003EA578 /* Project object */;
}
