// !$*UTF8*$!
{
	archiveVersion = 1;
	classes = {
	};
	objectVersion = 46;
	objects = {

/* Begin PBXBuildFile section */
		686FBDA11BCC01E5004080FA /* AppDelegate.swift in Sources */ = {isa = PBXBuildFile; fileRef = 686FBDA01BCC01E5004080FA /* AppDelegate.swift */; };
		686FBDA61BCC01E5004080FA /* Main.storyboard in Resources */ = {isa = PBXBuildFile; fileRef = 686FBDA41BCC01E5004080FA /* Main.storyboard */; };
		686FBDA81BCC01E5004080FA /* Assets.xcassets in Resources */ = {isa = PBXBuildFile; fileRef = 686FBDA71BCC01E5004080FA /* Assets.xcassets */; };
		686FBDAB1BCC01E5004080FA /* LaunchScreen.storyboard in Resources */ = {isa = PBXBuildFile; fileRef = 686FBDA91BCC01E5004080FA /* LaunchScreen.storyboard */; };
		686FBDB31BCC0344004080FA /* NOCListTableViewController.swift in Sources */ = {isa = PBXBuildFile; fileRef = 686FBDB21BCC0344004080FA /* NOCListTableViewController.swift */; settings = {ASSET_TAGS = (); }; };
		686FBDB51BCC0BD7004080FA /* NOC.json in Resources */ = {isa = PBXBuildFile; fileRef = 686FBDB41BCC0BD7004080FA /* NOC.json */; settings = {ASSET_TAGS = (); }; };
		686FBDB71BCC12EE004080FA /* Agent.swift in Sources */ = {isa = PBXBuildFile; fileRef = 686FBDB61BCC12EE004080FA /* Agent.swift */; settings = {ASSET_TAGS = (); }; };
/* End PBXBuildFile section */

/* Begin PBXFileReference section */
		686FBD9D1BCC01E5004080FA /* NOCList.app */ = {isa = PBXFileReference; explicitFileType = wrapper.application; includeInIndex = 0; path = NOCList.app; sourceTree = BUILT_PRODUCTS_DIR; };
		686FBDA01BCC01E5004080FA /* AppDelegate.swift */ = {isa = PBXFileReference; lastKnownFileType = sourcecode.swift; path = AppDelegate.swift; sourceTree = "<group>"; };
		686FBDA51BCC01E5004080FA /* Base */ = {isa = PBXFileReference; lastKnownFileType = file.storyboard; name = Base; path = Base.lproj/Main.storyboard; sourceTree = "<group>"; };
		686FBDA71BCC01E5004080FA /* Assets.xcassets */ = {isa = PBXFileReference; lastKnownFileType = folder.assetcatalog; path = Assets.xcassets; sourceTree = "<group>"; };
		686FBDAA1BCC01E5004080FA /* Base */ = {isa = PBXFileReference; lastKnownFileType = file.storyboard; name = Base; path = Base.lproj/LaunchScreen.storyboard; sourceTree = "<group>"; };
		686FBDAC1BCC01E5004080FA /* Info.plist */ = {isa = PBXFileReference; lastKnownFileType = text.plist.xml; path = Info.plist; sourceTree = "<group>"; };
		686FBDB21BCC0344004080FA /* NOCListTableViewController.swift */ = {isa = PBXFileReference; fileEncoding = 4; lastKnownFileType = sourcecode.swift; path = NOCListTableViewController.swift; sourceTree = "<group>"; };
		686FBDB41BCC0BD7004080FA /* NOC.json */ = {isa = PBXFileReference; fileEncoding = 4; lastKnownFileType = text.json; path = NOC.json; sourceTree = "<group>"; };
		686FBDB61BCC12EE004080FA /* Agent.swift */ = {isa = PBXFileReference; fileEncoding = 4; lastKnownFileType = sourcecode.swift; path = Agent.swift; sourceTree = "<group>"; };
/* End PBXFileReference section */

/* Begin PBXFrameworksBuildPhase section */
		686FBD9A1BCC01E5004080FA /* Frameworks */ = {
			isa = PBXFrameworksBuildPhase;
			buildActionMask = 2147483647;
			files = (
			);
			runOnlyForDeploymentPostprocessing = 0;
		};
/* End PBXFrameworksBuildPhase section */

/* Begin PBXGroup section */
		686FBD941BCC01E5004080FA = {
			isa = PBXGroup;
			children = (
				686FBD9F1BCC01E5004080FA /* NOCList */,
				686FBD9E1BCC01E5004080FA /* Products */,
			);
			sourceTree = "<group>";
		};
		686FBD9E1BCC01E5004080FA /* Products */ = {
			isa = PBXGroup;
			children = (
				686FBD9D1BCC01E5004080FA /* NOCList.app */,
			);
			name = Products;
			sourceTree = "<group>";
		};
		686FBD9F1BCC01E5004080FA /* NOCList */ = {
			isa = PBXGroup;
			children = (
				686FBDA01BCC01E5004080FA /* AppDelegate.swift */,
				686FBDA41BCC01E5004080FA /* Main.storyboard */,
				686FBDA71BCC01E5004080FA /* Assets.xcassets */,
				686FBDA91BCC01E5004080FA /* LaunchScreen.storyboard */,
				686FBDAC1BCC01E5004080FA /* Info.plist */,
				686FBDB41BCC0BD7004080FA /* NOC.json */,
				686FBDB21BCC0344004080FA /* NOCListTableViewController.swift */,
				686FBDB61BCC12EE004080FA /* Agent.swift */,
			);
			path = NOCList;
			sourceTree = "<group>";
		};
/* End PBXGroup section */

/* Begin PBXNativeTarget section */
		686FBD9C1BCC01E5004080FA /* NOCList */ = {
			isa = PBXNativeTarget;
			buildConfigurationList = 686FBDAF1BCC01E5004080FA /* Build configuration list for PBXNativeTarget "NOCList" */;
			buildPhases = (
				686FBD991BCC01E5004080FA /* Sources */,
				686FBD9A1BCC01E5004080FA /* Frameworks */,
				686FBD9B1BCC01E5004080FA /* Resources */,
			);
			buildRules = (
			);
			dependencies = (
			);
			name = NOCList;
			productName = NOCList;
			productReference = 686FBD9D1BCC01E5004080FA /* NOCList.app */;
			productType = "com.apple.product-type.application";
		};
/* End PBXNativeTarget section */

/* Begin PBXProject section */
		686FBD951BCC01E5004080FA /* Project object */ = {
			isa = PBXProject;
			attributes = {
				LastUpgradeCheck = 0700;
				ORGANIZATIONNAME = "Pedro Trujillo";
				TargetAttributes = {
					686FBD9C1BCC01E5004080FA = {
						CreatedOnToolsVersion = 7.0.1;
					};
				};
			};
			buildConfigurationList = 686FBD981BCC01E5004080FA /* Build configuration list for PBXProject "NOCList" */;
			compatibilityVersion = "Xcode 3.2";
			developmentRegion = English;
			hasScannedForEncodings = 0;
			knownRegions = (
				en,
				Base,
			);
			mainGroup = 686FBD941BCC01E5004080FA;
			productRefGroup = 686FBD9E1BCC01E5004080FA /* Products */;
			projectDirPath = "";
			projectRoot = "";
			targets = (
				686FBD9C1BCC01E5004080FA /* NOCList */,
			);
		};
/* End PBXProject section */

/* Begin PBXResourcesBuildPhase section */
		686FBD9B1BCC01E5004080FA /* Resources */ = {
			isa = PBXResourcesBuildPhase;
			buildActionMask = 2147483647;
			files = (
				686FBDB51BCC0BD7004080FA /* NOC.json in Resources */,
				686FBDAB1BCC01E5004080FA /* LaunchScreen.storyboard in Resources */,
				686FBDA81BCC01E5004080FA /* Assets.xcassets in Resources */,
				686FBDA61BCC01E5004080FA /* Main.storyboard in Resources */,
			);
			runOnlyForDeploymentPostprocessing = 0;
		};
/* End PBXResourcesBuildPhase section */

/* Begin PBXSourcesBuildPhase section */
		686FBD991BCC01E5004080FA /* Sources */ = {
			isa = PBXSourcesBuildPhase;
			buildActionMask = 2147483647;
			files = (
				686FBDB71BCC12EE004080FA /* Agent.swift in Sources */,
				686FBDB31BCC0344004080FA /* NOCListTableViewController.swift in Sources */,
				686FBDA11BCC01E5004080FA /* AppDelegate.swift in Sources */,
			);
			runOnlyForDeploymentPostprocessing = 0;
		};
/* End PBXSourcesBuildPhase section */

/* Begin PBXVariantGroup section */
		686FBDA41BCC01E5004080FA /* Main.storyboard */ = {
			isa = PBXVariantGroup;
			children = (
				686FBDA51BCC01E5004080FA /* Base */,
			);
			name = Main.storyboard;
			sourceTree = "<group>";
		};
		686FBDA91BCC01E5004080FA /* LaunchScreen.storyboard */ = {
			isa = PBXVariantGroup;
			children = (
				686FBDAA1BCC01E5004080FA /* Base */,
			);
			name = LaunchScreen.storyboard;
			sourceTree = "<group>";
		};
/* End PBXVariantGroup section */

/* Begin XCBuildConfiguration section */
		686FBDAD1BCC01E5004080FA /* Debug */ = {
			isa = XCBuildConfiguration;
			buildSettings = {
				ALWAYS_SEARCH_USER_PATHS = NO;
				CLANG_CXX_LANGUAGE_STANDARD = "gnu++0x";
				CLANG_CXX_LIBRARY = "libc++";
				CLANG_ENABLE_MODULES = YES;
				CLANG_ENABLE_OBJC_ARC = YES;
				CLANG_WARN_BOOL_CONVERSION = YES;
				CLANG_WARN_CONSTANT_CONVERSION = YES;
				CLANG_WARN_DIRECT_OBJC_ISA_USAGE = YES_ERROR;
				CLANG_WARN_EMPTY_BODY = YES;
				CLANG_WARN_ENUM_CONVERSION = YES;
				CLANG_WARN_INT_CONVERSION = YES;
				CLANG_WARN_OBJC_ROOT_CLASS = YES_ERROR;
				CLANG_WARN_UNREACHABLE_CODE = YES;
				CLANG_WARN__DUPLICATE_METHOD_MATCH = YES;
				"CODE_SIGN_IDENTITY[sdk=iphoneos*]" = "iPhone Developer";
				COPY_PHASE_STRIP = NO;
				DEBUG_INFORMATION_FORMAT = dwarf;
				ENABLE_STRICT_OBJC_MSGSEND = YES;
				ENABLE_TESTABILITY = YES;
				GCC_C_LANGUAGE_STANDARD = gnu99;
				GCC_DYNAMIC_NO_PIC = NO;
				GCC_NO_COMMON_BLOCKS = YES;
				GCC_OPTIMIZATION_LEVEL = 0;
				GCC_PREPROCESSOR_DEFINITIONS = (
					"DEBUG=1",
					"$(inherited)",
				);
				GCC_WARN_64_TO_32_BIT_CONVERSION = YES;
				GCC_WARN_ABOUT_RETURN_TYPE = YES_ERROR;
				GCC_WARN_UNDECLARED_SELECTOR = YES;
				GCC_WARN_UNINITIALIZED_AUTOS = YES_AGGRESSIVE;
				GCC_WARN_UNUSED_FUNCTION = YES;
				GCC_WARN_UNUSED_VARIABLE = YES;
				IPHONEOS_DEPLOYMENT_TARGET = 9.0;
				MTL_ENABLE_DEBUG_INFO = YES;
				ONLY_ACTIVE_ARCH = YES;
				SDKROOT = iphoneos;
				SWIFT_OPTIMIZATION_LEVEL = "-Onone";
			};
			name = Debug;
		};
		686FBDAE1BCC01E5004080FA /* Release */ = {
			isa = XCBuildConfiguration;
			buildSettings = {
				ALWAYS_SEARCH_USER_PATHS = NO;
				CLANG_CXX_LANGUAGE_STANDARD = "gnu++0x";
				CLANG_CXX_LIBRARY = "libc++";
				CLANG_ENABLE_MODULES = YES;
				CLANG_ENABLE_OBJC_ARC = YES;
				CLANG_WARN_BOOL_CONVERSION = YES;
				CLANG_WARN_CONSTANT_CONVERSION = YES;
				CLANG_WARN_DIRECT_OBJC_ISA_USAGE = YES_ERROR;
				CLANG_WARN_EMPTY_BODY = YES;
				CLANG_WARN_ENUM_CONVERSION = YES;
				CLANG_WARN_INT_CONVERSION = YES;
				CLANG_WARN_OBJC_ROOT_CLASS = YES_ERROR;
				CLANG_WARN_UNREACHABLE_CODE = YES;
				CLANG_WARN__DUPLICATE_METHOD_MATCH = YES;
				"CODE_SIGN_IDENTITY[sdk=iphoneos*]" = "iPhone Developer";
				COPY_PHASE_STRIP = NO;
				DEBUG_INFORMATION_FORMAT = "dwarf-with-dsym";
				ENABLE_NS_ASSERTIONS = NO;
				ENABLE_STRICT_OBJC_MSGSEND = YES;
				GCC_C_LANGUAGE_STANDARD = gnu99;
				GCC_NO_COMMON_BLOCKS = YES;
				GCC_WARN_64_TO_32_BIT_CONVERSION = YES;
				GCC_WARN_ABOUT_RETURN_TYPE = YES_ERROR;
				GCC_WARN_UNDECLARED_SELECTOR = YES;
				GCC_WARN_UNINITIALIZED_AUTOS = YES_AGGRESSIVE;
				GCC_WARN_UNUSED_FUNCTION = YES;
				GCC_WARN_UNUSED_VARIABLE = YES;
				IPHONEOS_DEPLOYMENT_TARGET = 9.0;
				MTL_ENABLE_DEBUG_INFO = NO;
				SDKROOT = iphoneos;
				VALIDATE_PRODUCT = YES;
			};
			name = Release;
		};
		686FBDB01BCC01E5004080FA /* Debug */ = {
			isa = XCBuildConfiguration;
			buildSettings = {
				ASSETCATALOG_COMPILER_APPICON_NAME = AppIcon;
				INFOPLIST_FILE = NOCList/Info.plist;
				LD_RUNPATH_SEARCH_PATHS = "$(inherited) @executable_path/Frameworks";
				PRODUCT_BUNDLE_IDENTIFIER = com.tiy.NOCList;
				PRODUCT_NAME = "$(TARGET_NAME)";
			};
			name = Debug;
		};
		686FBDB11BCC01E5004080FA /* Release */ = {
			isa = XCBuildConfiguration;
			buildSettings = {
				ASSETCATALOG_COMPILER_APPICON_NAME = AppIcon;
				INFOPLIST_FILE = NOCList/Info.plist;
				LD_RUNPATH_SEARCH_PATHS = "$(inherited) @executable_path/Frameworks";
				PRODUCT_BUNDLE_IDENTIFIER = com.tiy.NOCList;
				PRODUCT_NAME = "$(TARGET_NAME)";
			};
			name = Release;
		};
/* End XCBuildConfiguration section */

/* Begin XCConfigurationList section */
		686FBD981BCC01E5004080FA /* Build configuration list for PBXProject "NOCList" */ = {
			isa = XCConfigurationList;
			buildConfigurations = (
				686FBDAD1BCC01E5004080FA /* Debug */,
				686FBDAE1BCC01E5004080FA /* Release */,
			);
			defaultConfigurationIsVisible = 0;
			defaultConfigurationName = Release;
		};
		686FBDAF1BCC01E5004080FA /* Build configuration list for PBXNativeTarget "NOCList" */ = {
			isa = XCConfigurationList;
			buildConfigurations = (
				686FBDB01BCC01E5004080FA /* Debug */,
				686FBDB11BCC01E5004080FA /* Release */,
			);
			defaultConfigurationIsVisible = 0;
		};
/* End XCConfigurationList section */
	};
	rootObject = 686FBD951BCC01E5004080FA /* Project object */;
}
