// !$*UTF8*$!
{
	archiveVersion = 1;
	classes = {
	};
	objectVersion = 46;
	objects = {

/* Begin PBXBuildFile section */
		68CC3EAC1BE9594D00D6AF13 /* AppDelegate.swift in Sources */ = {isa = PBXBuildFile; fileRef = 68CC3EAB1BE9594D00D6AF13 /* AppDelegate.swift */; };
		68CC3EAE1BE9594D00D6AF13 /* MapViewController.swift in Sources */ = {isa = PBXBuildFile; fileRef = 68CC3EAD1BE9594D00D6AF13 /* MapViewController.swift */; };
		68CC3EB11BE9594D00D6AF13 /* Main.storyboard in Resources */ = {isa = PBXBuildFile; fileRef = 68CC3EAF1BE9594D00D6AF13 /* Main.storyboard */; };
		68CC3EB31BE9594D00D6AF13 /* Assets.xcassets in Resources */ = {isa = PBXBuildFile; fileRef = 68CC3EB21BE9594D00D6AF13 /* Assets.xcassets */; };
		68CC3EB61BE9594D00D6AF13 /* LaunchScreen.storyboard in Resources */ = {isa = PBXBuildFile; fileRef = 68CC3EB41BE9594D00D6AF13 /* LaunchScreen.storyboard */; };
		68CC3EBE1BE95A1500D6AF13 /* PopoverAddCityViewController.swift in Sources */ = {isa = PBXBuildFile; fileRef = 68CC3EBD1BE95A1500D6AF13 /* PopoverAddCityViewController.swift */; settings = {ASSET_TAGS = (); }; };
		68CC3EC01BE95D3400D6AF13 /* City.swift in Sources */ = {isa = PBXBuildFile; fileRef = 68CC3EBF1BE95D3400D6AF13 /* City.swift */; settings = {ASSET_TAGS = (); }; };
/* End PBXBuildFile section */

/* Begin PBXFileReference section */
		68CC3EA81BE9594D00D6AF13 /* DudeWhereIsMyCar.app */ = {isa = PBXFileReference; explicitFileType = wrapper.application; includeInIndex = 0; path = DudeWhereIsMyCar.app; sourceTree = BUILT_PRODUCTS_DIR; };
		68CC3EAB1BE9594D00D6AF13 /* AppDelegate.swift */ = {isa = PBXFileReference; lastKnownFileType = sourcecode.swift; path = AppDelegate.swift; sourceTree = "<group>"; };
		68CC3EAD1BE9594D00D6AF13 /* MapViewController.swift */ = {isa = PBXFileReference; lastKnownFileType = sourcecode.swift; path = MapViewController.swift; sourceTree = "<group>"; };
		68CC3EB01BE9594D00D6AF13 /* Base */ = {isa = PBXFileReference; lastKnownFileType = file.storyboard; name = Base; path = Base.lproj/Main.storyboard; sourceTree = "<group>"; };
		68CC3EB21BE9594D00D6AF13 /* Assets.xcassets */ = {isa = PBXFileReference; lastKnownFileType = folder.assetcatalog; path = Assets.xcassets; sourceTree = "<group>"; };
		68CC3EB51BE9594D00D6AF13 /* Base */ = {isa = PBXFileReference; lastKnownFileType = file.storyboard; name = Base; path = Base.lproj/LaunchScreen.storyboard; sourceTree = "<group>"; };
		68CC3EB71BE9594D00D6AF13 /* Info.plist */ = {isa = PBXFileReference; lastKnownFileType = text.plist.xml; path = Info.plist; sourceTree = "<group>"; };
		68CC3EBD1BE95A1500D6AF13 /* PopoverAddCityViewController.swift */ = {isa = PBXFileReference; fileEncoding = 4; lastKnownFileType = sourcecode.swift; path = PopoverAddCityViewController.swift; sourceTree = "<group>"; };
		68CC3EBF1BE95D3400D6AF13 /* City.swift */ = {isa = PBXFileReference; fileEncoding = 4; lastKnownFileType = sourcecode.swift; path = City.swift; sourceTree = "<group>"; };
/* End PBXFileReference section */

/* Begin PBXFrameworksBuildPhase section */
		68CC3EA51BE9594D00D6AF13 /* Frameworks */ = {
			isa = PBXFrameworksBuildPhase;
			buildActionMask = 2147483647;
			files = (
			);
			runOnlyForDeploymentPostprocessing = 0;
		};
/* End PBXFrameworksBuildPhase section */

/* Begin PBXGroup section */
		68CC3E9F1BE9594D00D6AF13 = {
			isa = PBXGroup;
			children = (
				68CC3EAA1BE9594D00D6AF13 /* DudeWhereIsMyCar */,
				68CC3EA91BE9594D00D6AF13 /* Products */,
			);
			sourceTree = "<group>";
		};
		68CC3EA91BE9594D00D6AF13 /* Products */ = {
			isa = PBXGroup;
			children = (
				68CC3EA81BE9594D00D6AF13 /* DudeWhereIsMyCar.app */,
			);
			name = Products;
			sourceTree = "<group>";
		};
		68CC3EAA1BE9594D00D6AF13 /* DudeWhereIsMyCar */ = {
			isa = PBXGroup;
			children = (
				68CC3EAB1BE9594D00D6AF13 /* AppDelegate.swift */,
				68CC3EAD1BE9594D00D6AF13 /* MapViewController.swift */,
				68CC3EBD1BE95A1500D6AF13 /* PopoverAddCityViewController.swift */,
				68CC3EAF1BE9594D00D6AF13 /* Main.storyboard */,
				68CC3EB21BE9594D00D6AF13 /* Assets.xcassets */,
				68CC3EB41BE9594D00D6AF13 /* LaunchScreen.storyboard */,
				68CC3EB71BE9594D00D6AF13 /* Info.plist */,
				68CC3EBF1BE95D3400D6AF13 /* City.swift */,
			);
			path = DudeWhereIsMyCar;
			sourceTree = "<group>";
		};
/* End PBXGroup section */

/* Begin PBXNativeTarget section */
		68CC3EA71BE9594D00D6AF13 /* DudeWhereIsMyCar */ = {
			isa = PBXNativeTarget;
			buildConfigurationList = 68CC3EBA1BE9594D00D6AF13 /* Build configuration list for PBXNativeTarget "DudeWhereIsMyCar" */;
			buildPhases = (
				68CC3EA41BE9594D00D6AF13 /* Sources */,
				68CC3EA51BE9594D00D6AF13 /* Frameworks */,
				68CC3EA61BE9594D00D6AF13 /* Resources */,
			);
			buildRules = (
			);
			dependencies = (
			);
			name = DudeWhereIsMyCar;
			productName = DudeWhereIsMyCar;
			productReference = 68CC3EA81BE9594D00D6AF13 /* DudeWhereIsMyCar.app */;
			productType = "com.apple.product-type.application";
		};
/* End PBXNativeTarget section */

/* Begin PBXProject section */
		68CC3EA01BE9594D00D6AF13 /* Project object */ = {
			isa = PBXProject;
			attributes = {
				LastUpgradeCheck = 0700;
				ORGANIZATIONNAME = "Pedro Trujillo";
				TargetAttributes = {
					68CC3EA71BE9594D00D6AF13 = {
						CreatedOnToolsVersion = 7.0.1;
					};
				};
			};
			buildConfigurationList = 68CC3EA31BE9594D00D6AF13 /* Build configuration list for PBXProject "DudeWhereIsMyCar" */;
			compatibilityVersion = "Xcode 3.2";
			developmentRegion = English;
			hasScannedForEncodings = 0;
			knownRegions = (
				en,
				Base,
			);
			mainGroup = 68CC3E9F1BE9594D00D6AF13;
			productRefGroup = 68CC3EA91BE9594D00D6AF13 /* Products */;
			projectDirPath = "";
			projectRoot = "";
			targets = (
				68CC3EA71BE9594D00D6AF13 /* DudeWhereIsMyCar */,
			);
		};
/* End PBXProject section */

/* Begin PBXResourcesBuildPhase section */
		68CC3EA61BE9594D00D6AF13 /* Resources */ = {
			isa = PBXResourcesBuildPhase;
			buildActionMask = 2147483647;
			files = (
				68CC3EB61BE9594D00D6AF13 /* LaunchScreen.storyboard in Resources */,
				68CC3EB31BE9594D00D6AF13 /* Assets.xcassets in Resources */,
				68CC3EB11BE9594D00D6AF13 /* Main.storyboard in Resources */,
			);
			runOnlyForDeploymentPostprocessing = 0;
		};
/* End PBXResourcesBuildPhase section */

/* Begin PBXSourcesBuildPhase section */
		68CC3EA41BE9594D00D6AF13 /* Sources */ = {
			isa = PBXSourcesBuildPhase;
			buildActionMask = 2147483647;
			files = (
				68CC3EAE1BE9594D00D6AF13 /* MapViewController.swift in Sources */,
				68CC3EBE1BE95A1500D6AF13 /* PopoverAddCityViewController.swift in Sources */,
				68CC3EC01BE95D3400D6AF13 /* City.swift in Sources */,
				68CC3EAC1BE9594D00D6AF13 /* AppDelegate.swift in Sources */,
			);
			runOnlyForDeploymentPostprocessing = 0;
		};
/* End PBXSourcesBuildPhase section */

/* Begin PBXVariantGroup section */
		68CC3EAF1BE9594D00D6AF13 /* Main.storyboard */ = {
			isa = PBXVariantGroup;
			children = (
				68CC3EB01BE9594D00D6AF13 /* Base */,
			);
			name = Main.storyboard;
			sourceTree = "<group>";
		};
		68CC3EB41BE9594D00D6AF13 /* LaunchScreen.storyboard */ = {
			isa = PBXVariantGroup;
			children = (
				68CC3EB51BE9594D00D6AF13 /* Base */,
			);
			name = LaunchScreen.storyboard;
			sourceTree = "<group>";
		};
/* End PBXVariantGroup section */

/* Begin XCBuildConfiguration section */
		68CC3EB81BE9594D00D6AF13 /* Debug */ = {
			isa = XCBuildConfiguration;
			buildSettings = {
				ALWAYS_SEARCH_USER_PATHS = NO;
				CLANG_CXX_LANGUAGE_STANDARD = "gnu++0x";
				CLANG_CXX_LIBRARY = "libc++";
				CLANG_ENABLE_MODULES = YES;
				CLANG_ENABLE_OBJC_ARC = YES;
				CLANG_WARN_BOOL_CONVERSION = YES;
				CLANG_WARN_CONSTANT_CONVERSION = YES;
				CLANG_WARN_DIRECT_OBJC_ISA_USAGE = YES_ERROR;
				CLANG_WARN_EMPTY_BODY = YES;
				CLANG_WARN_ENUM_CONVERSION = YES;
				CLANG_WARN_INT_CONVERSION = YES;
				CLANG_WARN_OBJC_ROOT_CLASS = YES_ERROR;
				CLANG_WARN_UNREACHABLE_CODE = YES;
				CLANG_WARN__DUPLICATE_METHOD_MATCH = YES;
				"CODE_SIGN_IDENTITY[sdk=iphoneos*]" = "iPhone Developer";
				COPY_PHASE_STRIP = NO;
				DEBUG_INFORMATION_FORMAT = dwarf;
				ENABLE_STRICT_OBJC_MSGSEND = YES;
				ENABLE_TESTABILITY = YES;
				GCC_C_LANGUAGE_STANDARD = gnu99;
				GCC_DYNAMIC_NO_PIC = NO;
				GCC_NO_COMMON_BLOCKS = YES;
				GCC_OPTIMIZATION_LEVEL = 0;
				GCC_PREPROCESSOR_DEFINITIONS = (
					"DEBUG=1",
					"$(inherited)",
				);
				GCC_WARN_64_TO_32_BIT_CONVERSION = YES;
				GCC_WARN_ABOUT_RETURN_TYPE = YES_ERROR;
				GCC_WARN_UNDECLARED_SELECTOR = YES;
				GCC_WARN_UNINITIALIZED_AUTOS = YES_AGGRESSIVE;
				GCC_WARN_UNUSED_FUNCTION = YES;
				GCC_WARN_UNUSED_VARIABLE = YES;
				IPHONEOS_DEPLOYMENT_TARGET = 9.0;
				MTL_ENABLE_DEBUG_INFO = YES;
				ONLY_ACTIVE_ARCH = YES;
				SDKROOT = iphoneos;
				SWIFT_OPTIMIZATION_LEVEL = "-Onone";
				TARGETED_DEVICE_FAMILY = "1,2";
			};
			name = Debug;
		};
		68CC3EB91BE9594D00D6AF13 /* Release */ = {
			isa = XCBuildConfiguration;
			buildSettings = {
				ALWAYS_SEARCH_USER_PATHS = NO;
				CLANG_CXX_LANGUAGE_STANDARD = "gnu++0x";
				CLANG_CXX_LIBRARY = "libc++";
				CLANG_ENABLE_MODULES = YES;
				CLANG_ENABLE_OBJC_ARC = YES;
				CLANG_WARN_BOOL_CONVERSION = YES;
				CLANG_WARN_CONSTANT_CONVERSION = YES;
				CLANG_WARN_DIRECT_OBJC_ISA_USAGE = YES_ERROR;
				CLANG_WARN_EMPTY_BODY = YES;
				CLANG_WARN_ENUM_CONVERSION = YES;
				CLANG_WARN_INT_CONVERSION = YES;
				CLANG_WARN_OBJC_ROOT_CLASS = YES_ERROR;
				CLANG_WARN_UNREACHABLE_CODE = YES;
				CLANG_WARN__DUPLICATE_METHOD_MATCH = YES;
				"CODE_SIGN_IDENTITY[sdk=iphoneos*]" = "iPhone Developer";
				COPY_PHASE_STRIP = NO;
				DEBUG_INFORMATION_FORMAT = "dwarf-with-dsym";
				ENABLE_NS_ASSERTIONS = NO;
				ENABLE_STRICT_OBJC_MSGSEND = YES;
				GCC_C_LANGUAGE_STANDARD = gnu99;
				GCC_NO_COMMON_BLOCKS = YES;
				GCC_WARN_64_TO_32_BIT_CONVERSION = YES;
				GCC_WARN_ABOUT_RETURN_TYPE = YES_ERROR;
				GCC_WARN_UNDECLARED_SELECTOR = YES;
				GCC_WARN_UNINITIALIZED_AUTOS = YES_AGGRESSIVE;
				GCC_WARN_UNUSED_FUNCTION = YES;
				GCC_WARN_UNUSED_VARIABLE = YES;
				IPHONEOS_DEPLOYMENT_TARGET = 9.0;
				MTL_ENABLE_DEBUG_INFO = NO;
				SDKROOT = iphoneos;
				TARGETED_DEVICE_FAMILY = "1,2";
				VALIDATE_PRODUCT = YES;
			};
			name = Release;
		};
		68CC3EBB1BE9594D00D6AF13 /* Debug */ = {
			isa = XCBuildConfiguration;
			buildSettings = {
				ASSETCATALOG_COMPILER_APPICON_NAME = AppIcon;
				INFOPLIST_FILE = DudeWhereIsMyCar/Info.plist;
				LD_RUNPATH_SEARCH_PATHS = "$(inherited) @executable_path/Frameworks";
				PRODUCT_BUNDLE_IDENTIFIER = com.tiy.DudeWhereIsMyCar;
				PRODUCT_NAME = "$(TARGET_NAME)";
			};
			name = Debug;
		};
		68CC3EBC1BE9594D00D6AF13 /* Release */ = {
			isa = XCBuildConfiguration;
			buildSettings = {
				ASSETCATALOG_COMPILER_APPICON_NAME = AppIcon;
				INFOPLIST_FILE = DudeWhereIsMyCar/Info.plist;
				LD_RUNPATH_SEARCH_PATHS = "$(inherited) @executable_path/Frameworks";
				PRODUCT_BUNDLE_IDENTIFIER = com.tiy.DudeWhereIsMyCar;
				PRODUCT_NAME = "$(TARGET_NAME)";
			};
			name = Release;
		};
/* End XCBuildConfiguration section */

/* Begin XCConfigurationList section */
		68CC3EA31BE9594D00D6AF13 /* Build configuration list for PBXProject "DudeWhereIsMyCar" */ = {
			isa = XCConfigurationList;
			buildConfigurations = (
				68CC3EB81BE9594D00D6AF13 /* Debug */,
				68CC3EB91BE9594D00D6AF13 /* Release */,
			);
			defaultConfigurationIsVisible = 0;
			defaultConfigurationName = Release;
		};
		68CC3EBA1BE9594D00D6AF13 /* Build configuration list for PBXNativeTarget "DudeWhereIsMyCar" */ = {
			isa = XCConfigurationList;
			buildConfigurations = (
				68CC3EBB1BE9594D00D6AF13 /* Debug */,
				68CC3EBC1BE9594D00D6AF13 /* Release */,
			);
			defaultConfigurationIsVisible = 0;
			defaultConfigurationName = Release;
		};
/* End XCConfigurationList section */
	};
	rootObject = 68CC3EA01BE9594D00D6AF13 /* Project object */;
}
