// !$*UTF8*$!
{
	archiveVersion = 1;
	classes = {
	};
	objectVersion = 46;
	objects = {

/* Begin PBXBuildFile section */
		68F8058B1BFB6D9A004351A8 /* AppDelegate.swift in Sources */ = {isa = PBXBuildFile; fileRef = 68F8058A1BFB6D9A004351A8 /* AppDelegate.swift */; };
		68F8058D1BFB6D9A004351A8 /* ViewController.swift in Sources */ = {isa = PBXBuildFile; fileRef = 68F8058C1BFB6D9A004351A8 /* ViewController.swift */; };
		68F805901BFB6D9A004351A8 /* Main.storyboard in Resources */ = {isa = PBXBuildFile; fileRef = 68F8058E1BFB6D9A004351A8 /* Main.storyboard */; };
		68F805921BFB6D9A004351A8 /* Assets.xcassets in Resources */ = {isa = PBXBuildFile; fileRef = 68F805911BFB6D9A004351A8 /* Assets.xcassets */; };
		68F805951BFB6D9A004351A8 /* LaunchScreen.storyboard in Resources */ = {isa = PBXBuildFile; fileRef = 68F805931BFB6D9A004351A8 /* LaunchScreen.storyboard */; };
		68F8059D1BFB6DE5004351A8 /* ClockView.swift in Sources */ = {isa = PBXBuildFile; fileRef = 68F8059C1BFB6DE5004351A8 /* ClockView.swift */; settings = {ASSET_TAGS = (); }; };
/* End PBXBuildFile section */

/* Begin PBXFileReference section */
		68F805871BFB6D9A004351A8 /* ClockTower.app */ = {isa = PBXFileReference; explicitFileType = wrapper.application; includeInIndex = 0; path = ClockTower.app; sourceTree = BUILT_PRODUCTS_DIR; };
		68F8058A1BFB6D9A004351A8 /* AppDelegate.swift */ = {isa = PBXFileReference; lastKnownFileType = sourcecode.swift; path = AppDelegate.swift; sourceTree = "<group>"; };
		68F8058C1BFB6D9A004351A8 /* ViewController.swift */ = {isa = PBXFileReference; lastKnownFileType = sourcecode.swift; path = ViewController.swift; sourceTree = "<group>"; };
		68F8058F1BFB6D9A004351A8 /* Base */ = {isa = PBXFileReference; lastKnownFileType = file.storyboard; name = Base; path = Base.lproj/Main.storyboard; sourceTree = "<group>"; };
		68F805911BFB6D9A004351A8 /* Assets.xcassets */ = {isa = PBXFileReference; lastKnownFileType = folder.assetcatalog; path = Assets.xcassets; sourceTree = "<group>"; };
		68F805941BFB6D9A004351A8 /* Base */ = {isa = PBXFileReference; lastKnownFileType = file.storyboard; name = Base; path = Base.lproj/LaunchScreen.storyboard; sourceTree = "<group>"; };
		68F805961BFB6D9A004351A8 /* Info.plist */ = {isa = PBXFileReference; lastKnownFileType = text.plist.xml; path = Info.plist; sourceTree = "<group>"; };
		68F8059C1BFB6DE5004351A8 /* ClockView.swift */ = {isa = PBXFileReference; fileEncoding = 4; lastKnownFileType = sourcecode.swift; path = ClockView.swift; sourceTree = "<group>"; };
/* End PBXFileReference section */

/* Begin PBXFrameworksBuildPhase section */
		68F805841BFB6D9A004351A8 /* Frameworks */ = {
			isa = PBXFrameworksBuildPhase;
			buildActionMask = 2147483647;
			files = (
			);
			runOnlyForDeploymentPostprocessing = 0;
		};
/* End PBXFrameworksBuildPhase section */

/* Begin PBXGroup section */
		68F8057E1BFB6D99004351A8 = {
			isa = PBXGroup;
			children = (
				68F805891BFB6D9A004351A8 /* ClockTower */,
				68F805881BFB6D9A004351A8 /* Products */,
			);
			sourceTree = "<group>";
		};
		68F805881BFB6D9A004351A8 /* Products */ = {
			isa = PBXGroup;
			children = (
				68F805871BFB6D9A004351A8 /* ClockTower.app */,
			);
			name = Products;
			sourceTree = "<group>";
		};
		68F805891BFB6D9A004351A8 /* ClockTower */ = {
			isa = PBXGroup;
			children = (
				68F8058A1BFB6D9A004351A8 /* AppDelegate.swift */,
				68F8058C1BFB6D9A004351A8 /* ViewController.swift */,
				68F8058E1BFB6D9A004351A8 /* Main.storyboard */,
				68F805911BFB6D9A004351A8 /* Assets.xcassets */,
				68F805931BFB6D9A004351A8 /* LaunchScreen.storyboard */,
				68F805961BFB6D9A004351A8 /* Info.plist */,
				68F8059C1BFB6DE5004351A8 /* ClockView.swift */,
			);
			path = ClockTower;
			sourceTree = "<group>";
		};
/* End PBXGroup section */

/* Begin PBXNativeTarget section */
		68F805861BFB6D9A004351A8 /* ClockTower */ = {
			isa = PBXNativeTarget;
			buildConfigurationList = 68F805991BFB6D9A004351A8 /* Build configuration list for PBXNativeTarget "ClockTower" */;
			buildPhases = (
				68F805831BFB6D9A004351A8 /* Sources */,
				68F805841BFB6D9A004351A8 /* Frameworks */,
				68F805851BFB6D9A004351A8 /* Resources */,
			);
			buildRules = (
			);
			dependencies = (
			);
			name = ClockTower;
			productName = ClockTower;
			productReference = 68F805871BFB6D9A004351A8 /* ClockTower.app */;
			productType = "com.apple.product-type.application";
		};
/* End PBXNativeTarget section */

/* Begin PBXProject section */
		68F8057F1BFB6D9A004351A8 /* Project object */ = {
			isa = PBXProject;
			attributes = {
				LastUpgradeCheck = 0700;
				ORGANIZATIONNAME = "Pedro Trujillo";
				TargetAttributes = {
					68F805861BFB6D9A004351A8 = {
						CreatedOnToolsVersion = 7.0.1;
					};
				};
			};
			buildConfigurationList = 68F805821BFB6D9A004351A8 /* Build configuration list for PBXProject "ClockTower" */;
			compatibilityVersion = "Xcode 3.2";
			developmentRegion = English;
			hasScannedForEncodings = 0;
			knownRegions = (
				en,
				Base,
			);
			mainGroup = 68F8057E1BFB6D99004351A8;
			productRefGroup = 68F805881BFB6D9A004351A8 /* Products */;
			projectDirPath = "";
			projectRoot = "";
			targets = (
				68F805861BFB6D9A004351A8 /* ClockTower */,
			);
		};
/* End PBXProject section */

/* Begin PBXResourcesBuildPhase section */
		68F805851BFB6D9A004351A8 /* Resources */ = {
			isa = PBXResourcesBuildPhase;
			buildActionMask = 2147483647;
			files = (
				68F805951BFB6D9A004351A8 /* LaunchScreen.storyboard in Resources */,
				68F805921BFB6D9A004351A8 /* Assets.xcassets in Resources */,
				68F805901BFB6D9A004351A8 /* Main.storyboard in Resources */,
			);
			runOnlyForDeploymentPostprocessing = 0;
		};
/* End PBXResourcesBuildPhase section */

/* Begin PBXSourcesBuildPhase section */
		68F805831BFB6D9A004351A8 /* Sources */ = {
			isa = PBXSourcesBuildPhase;
			buildActionMask = 2147483647;
			files = (
				68F8058D1BFB6D9A004351A8 /* ViewController.swift in Sources */,
				68F8059D1BFB6DE5004351A8 /* ClockView.swift in Sources */,
				68F8058B1BFB6D9A004351A8 /* AppDelegate.swift in Sources */,
			);
			runOnlyForDeploymentPostprocessing = 0;
		};
/* End PBXSourcesBuildPhase section */

/* Begin PBXVariantGroup section */
		68F8058E1BFB6D9A004351A8 /* Main.storyboard */ = {
			isa = PBXVariantGroup;
			children = (
				68F8058F1BFB6D9A004351A8 /* Base */,
			);
			name = Main.storyboard;
			sourceTree = "<group>";
		};
		68F805931BFB6D9A004351A8 /* LaunchScreen.storyboard */ = {
			isa = PBXVariantGroup;
			children = (
				68F805941BFB6D9A004351A8 /* Base */,
			);
			name = LaunchScreen.storyboard;
			sourceTree = "<group>";
		};
/* End PBXVariantGroup section */

/* Begin XCBuildConfiguration section */
		68F805971BFB6D9A004351A8 /* Debug */ = {
			isa = XCBuildConfiguration;
			buildSettings = {
				ALWAYS_SEARCH_USER_PATHS = NO;
				CLANG_CXX_LANGUAGE_STANDARD = "gnu++0x";
				CLANG_CXX_LIBRARY = "libc++";
				CLANG_ENABLE_MODULES = YES;
				CLANG_ENABLE_OBJC_ARC = YES;
				CLANG_WARN_BOOL_CONVERSION = YES;
				CLANG_WARN_CONSTANT_CONVERSION = YES;
				CLANG_WARN_DIRECT_OBJC_ISA_USAGE = YES_ERROR;
				CLANG_WARN_EMPTY_BODY = YES;
				CLANG_WARN_ENUM_CONVERSION = YES;
				CLANG_WARN_INT_CONVERSION = YES;
				CLANG_WARN_OBJC_ROOT_CLASS = YES_ERROR;
				CLANG_WARN_UNREACHABLE_CODE = YES;
				CLANG_WARN__DUPLICATE_METHOD_MATCH = YES;
				"CODE_SIGN_IDENTITY[sdk=iphoneos*]" = "iPhone Developer";
				COPY_PHASE_STRIP = NO;
				DEBUG_INFORMATION_FORMAT = dwarf;
				ENABLE_STRICT_OBJC_MSGSEND = YES;
				ENABLE_TESTABILITY = YES;
				GCC_C_LANGUAGE_STANDARD = gnu99;
				GCC_DYNAMIC_NO_PIC = NO;
				GCC_NO_COMMON_BLOCKS = YES;
				GCC_OPTIMIZATION_LEVEL = 0;
				GCC_PREPROCESSOR_DEFINITIONS = (
					"DEBUG=1",
					"$(inherited)",
				);
				GCC_WARN_64_TO_32_BIT_CONVERSION = YES;
				GCC_WARN_ABOUT_RETURN_TYPE = YES_ERROR;
				GCC_WARN_UNDECLARED_SELECTOR = YES;
				GCC_WARN_UNINITIALIZED_AUTOS = YES_AGGRESSIVE;
				GCC_WARN_UNUSED_FUNCTION = YES;
				GCC_WARN_UNUSED_VARIABLE = YES;
				IPHONEOS_DEPLOYMENT_TARGET = 9.0;
				MTL_ENABLE_DEBUG_INFO = YES;
				ONLY_ACTIVE_ARCH = YES;
				SDKROOT = iphoneos;
				SWIFT_OPTIMIZATION_LEVEL = "-Onone";
				TARGETED_DEVICE_FAMILY = "1,2";
			};
			name = Debug;
		};
		68F805981BFB6D9A004351A8 /* Release */ = {
			isa = XCBuildConfiguration;
			buildSettings = {
				ALWAYS_SEARCH_USER_PATHS = NO;
				CLANG_CXX_LANGUAGE_STANDARD = "gnu++0x";
				CLANG_CXX_LIBRARY = "libc++";
				CLANG_ENABLE_MODULES = YES;
				CLANG_ENABLE_OBJC_ARC = YES;
				CLANG_WARN_BOOL_CONVERSION = YES;
				CLANG_WARN_CONSTANT_CONVERSION = YES;
				CLANG_WARN_DIRECT_OBJC_ISA_USAGE = YES_ERROR;
				CLANG_WARN_EMPTY_BODY = YES;
				CLANG_WARN_ENUM_CONVERSION = YES;
				CLANG_WARN_INT_CONVERSION = YES;
				CLANG_WARN_OBJC_ROOT_CLASS = YES_ERROR;
				CLANG_WARN_UNREACHABLE_CODE = YES;
				CLANG_WARN__DUPLICATE_METHOD_MATCH = YES;
				"CODE_SIGN_IDENTITY[sdk=iphoneos*]" = "iPhone Developer";
				COPY_PHASE_STRIP = NO;
				DEBUG_INFORMATION_FORMAT = "dwarf-with-dsym";
				ENABLE_NS_ASSERTIONS = NO;
				ENABLE_STRICT_OBJC_MSGSEND = YES;
				GCC_C_LANGUAGE_STANDARD = gnu99;
				GCC_NO_COMMON_BLOCKS = YES;
				GCC_WARN_64_TO_32_BIT_CONVERSION = YES;
				GCC_WARN_ABOUT_RETURN_TYPE = YES_ERROR;
				GCC_WARN_UNDECLARED_SELECTOR = YES;
				GCC_WARN_UNINITIALIZED_AUTOS = YES_AGGRESSIVE;
				GCC_WARN_UNUSED_FUNCTION = YES;
				GCC_WARN_UNUSED_VARIABLE = YES;
				IPHONEOS_DEPLOYMENT_TARGET = 9.0;
				MTL_ENABLE_DEBUG_INFO = NO;
				SDKROOT = iphoneos;
				TARGETED_DEVICE_FAMILY = "1,2";
				VALIDATE_PRODUCT = YES;
			};
			name = Release;
		};
		68F8059A1BFB6D9A004351A8 /* Debug */ = {
			isa = XCBuildConfiguration;
			buildSettings = {
				ASSETCATALOG_COMPILER_APPICON_NAME = AppIcon;
				INFOPLIST_FILE = ClockTower/Info.plist;
				LD_RUNPATH_SEARCH_PATHS = "$(inherited) @executable_path/Frameworks";
				PRODUCT_BUNDLE_IDENTIFIER = com.tiy.ClockTower;
				PRODUCT_NAME = "$(TARGET_NAME)";
			};
			name = Debug;
		};
		68F8059B1BFB6D9A004351A8 /* Release */ = {
			isa = XCBuildConfiguration;
			buildSettings = {
				ASSETCATALOG_COMPILER_APPICON_NAME = AppIcon;
				INFOPLIST_FILE = ClockTower/Info.plist;
				LD_RUNPATH_SEARCH_PATHS = "$(inherited) @executable_path/Frameworks";
				PRODUCT_BUNDLE_IDENTIFIER = com.tiy.ClockTower;
				PRODUCT_NAME = "$(TARGET_NAME)";
			};
			name = Release;
		};
/* End XCBuildConfiguration section */

/* Begin XCConfigurationList section */
		68F805821BFB6D9A004351A8 /* Build configuration list for PBXProject "ClockTower" */ = {
			isa = XCConfigurationList;
			buildConfigurations = (
				68F805971BFB6D9A004351A8 /* Debug */,
				68F805981BFB6D9A004351A8 /* Release */,
			);
			defaultConfigurationIsVisible = 0;
			defaultConfigurationName = Release;
		};
		68F805991BFB6D9A004351A8 /* Build configuration list for PBXNativeTarget "ClockTower" */ = {
			isa = XCConfigurationList;
			buildConfigurations = (
				68F8059A1BFB6D9A004351A8 /* Debug */,
				68F8059B1BFB6D9A004351A8 /* Release */,
			);
			defaultConfigurationIsVisible = 0;
		};
/* End XCConfigurationList section */
	};
	rootObject = 68F8057F1BFB6D9A004351A8 /* Project object */;
}
