// !$*UTF8*$!
{
	archiveVersion = 1;
	classes = {
	};
	objectVersion = 46;
	objects = {

/* Begin PBXBuildFile section */
		684855511C15DFE2006C1B21 /* AppDelegate.swift in Sources */ = {isa = PBXBuildFile; fileRef = 684855501C15DFE2006C1B21 /* AppDelegate.swift */; };
		684855531C15DFE2006C1B21 /* ViewController.swift in Sources */ = {isa = PBXBuildFile; fileRef = 684855521C15DFE2006C1B21 /* ViewController.swift */; };
		684855561C15DFE2006C1B21 /* Main.storyboard in Resources */ = {isa = PBXBuildFile; fileRef = 684855541C15DFE2006C1B21 /* Main.storyboard */; };
		684855591C15DFE2006C1B21 /* IronSkies.xcdatamodeld in Sources */ = {isa = PBXBuildFile; fileRef = 684855571C15DFE2006C1B21 /* IronSkies.xcdatamodeld */; };
		6848555B1C15DFE2006C1B21 /* Assets.xcassets in Resources */ = {isa = PBXBuildFile; fileRef = 6848555A1C15DFE2006C1B21 /* Assets.xcassets */; };
		6848555E1C15DFE2006C1B21 /* LaunchScreen.storyboard in Resources */ = {isa = PBXBuildFile; fileRef = 6848555C1C15DFE2006C1B21 /* LaunchScreen.storyboard */; };
		6848556B1C15E15F006C1B21 /* Interface.storyboard in Resources */ = {isa = PBXBuildFile; fileRef = 684855691C15E15F006C1B21 /* Interface.storyboard */; };
		6848556D1C15E15F006C1B21 /* Assets.xcassets in Resources */ = {isa = PBXBuildFile; fileRef = 6848556C1C15E15F006C1B21 /* Assets.xcassets */; };
		684855741C15E15F006C1B21 /* Whatch Extension.appex in Embed App Extensions */ = {isa = PBXBuildFile; fileRef = 684855731C15E15F006C1B21 /* Whatch Extension.appex */; settings = {ATTRIBUTES = (RemoveHeadersOnCopy, ); }; };
		684855791C15E15F006C1B21 /* InterfaceController.swift in Sources */ = {isa = PBXBuildFile; fileRef = 684855781C15E15F006C1B21 /* InterfaceController.swift */; };
		6848557B1C15E15F006C1B21 /* ExtensionDelegate.swift in Sources */ = {isa = PBXBuildFile; fileRef = 6848557A1C15E15F006C1B21 /* ExtensionDelegate.swift */; };
		6848557D1C15E15F006C1B21 /* Assets.xcassets in Resources */ = {isa = PBXBuildFile; fileRef = 6848557C1C15E15F006C1B21 /* Assets.xcassets */; };
		684855811C15E15F006C1B21 /* Whatch.app in Embed Watch Content */ = {isa = PBXBuildFile; fileRef = 684855671C15E15E006C1B21 /* Whatch.app */; };
		6848558B1C15E8F7006C1B21 /* Flight.swift in Sources */ = {isa = PBXBuildFile; fileRef = 6848558A1C15E8F7006C1B21 /* Flight.swift */; settings = {ASSET_TAGS = (); }; };
		6848558C1C15E8F7006C1B21 /* Flight.swift in Sources */ = {isa = PBXBuildFile; fileRef = 6848558A1C15E8F7006C1B21 /* Flight.swift */; settings = {ASSET_TAGS = (); }; };
		6848558E1C15E9E5006C1B21 /* Flights.json in Resources */ = {isa = PBXBuildFile; fileRef = 6848558D1C15E9E5006C1B21 /* Flights.json */; settings = {ASSET_TAGS = (); }; };
		6848558F1C15E9E5006C1B21 /* Flights.json in Resources */ = {isa = PBXBuildFile; fileRef = 6848558D1C15E9E5006C1B21 /* Flights.json */; settings = {ASSET_TAGS = (); }; };
		684855911C15F36D006C1B21 /* ScheduleInterfaceController.swift in Sources */ = {isa = PBXBuildFile; fileRef = 684855901C15F36D006C1B21 /* ScheduleInterfaceController.swift */; settings = {ASSET_TAGS = (); }; };
		684855921C15F36D006C1B21 /* ScheduleInterfaceController.swift in Sources */ = {isa = PBXBuildFile; fileRef = 684855901C15F36D006C1B21 /* ScheduleInterfaceController.swift */; settings = {ASSET_TAGS = (); }; };
/* End PBXBuildFile section */

/* Begin PBXContainerItemProxy section */
		684855751C15E15F006C1B21 /* PBXContainerItemProxy */ = {
			isa = PBXContainerItemProxy;
			containerPortal = 684855451C15DFE2006C1B21 /* Project object */;
			proxyType = 1;
			remoteGlobalIDString = 684855721C15E15F006C1B21;
			remoteInfo = "Whatch Extension";
		};
		6848557F1C15E15F006C1B21 /* PBXContainerItemProxy */ = {
			isa = PBXContainerItemProxy;
			containerPortal = 684855451C15DFE2006C1B21 /* Project object */;
			proxyType = 1;
			remoteGlobalIDString = 684855661C15E15E006C1B21;
			remoteInfo = Whatch;
		};
/* End PBXContainerItemProxy section */

/* Begin PBXCopyFilesBuildPhase section */
		684855851C15E15F006C1B21 /* Embed App Extensions */ = {
			isa = PBXCopyFilesBuildPhase;
			buildActionMask = 2147483647;
			dstPath = "";
			dstSubfolderSpec = 13;
			files = (
				684855741C15E15F006C1B21 /* Whatch Extension.appex in Embed App Extensions */,
			);
			name = "Embed App Extensions";
			runOnlyForDeploymentPostprocessing = 0;
		};
		684855891C15E15F006C1B21 /* Embed Watch Content */ = {
			isa = PBXCopyFilesBuildPhase;
			buildActionMask = 2147483647;
			dstPath = "$(CONTENTS_FOLDER_PATH)/Watch";
			dstSubfolderSpec = 16;
			files = (
				684855811C15E15F006C1B21 /* Whatch.app in Embed Watch Content */,
			);
			name = "Embed Watch Content";
			runOnlyForDeploymentPostprocessing = 0;
		};
/* End PBXCopyFilesBuildPhase section */

/* Begin PBXFileReference section */
		6848554D1C15DFE2006C1B21 /* IronSkies.app */ = {isa = PBXFileReference; explicitFileType = wrapper.application; includeInIndex = 0; path = IronSkies.app; sourceTree = BUILT_PRODUCTS_DIR; };
		684855501C15DFE2006C1B21 /* AppDelegate.swift */ = {isa = PBXFileReference; lastKnownFileType = sourcecode.swift; path = AppDelegate.swift; sourceTree = "<group>"; };
		684855521C15DFE2006C1B21 /* ViewController.swift */ = {isa = PBXFileReference; lastKnownFileType = sourcecode.swift; path = ViewController.swift; sourceTree = "<group>"; };
		684855551C15DFE2006C1B21 /* Base */ = {isa = PBXFileReference; lastKnownFileType = file.storyboard; name = Base; path = Base.lproj/Main.storyboard; sourceTree = "<group>"; };
		684855581C15DFE2006C1B21 /* IronSkies.xcdatamodel */ = {isa = PBXFileReference; lastKnownFileType = wrapper.xcdatamodel; path = IronSkies.xcdatamodel; sourceTree = "<group>"; };
		6848555A1C15DFE2006C1B21 /* Assets.xcassets */ = {isa = PBXFileReference; lastKnownFileType = folder.assetcatalog; path = Assets.xcassets; sourceTree = "<group>"; };
		6848555D1C15DFE2006C1B21 /* Base */ = {isa = PBXFileReference; lastKnownFileType = file.storyboard; name = Base; path = Base.lproj/LaunchScreen.storyboard; sourceTree = "<group>"; };
		6848555F1C15DFE2006C1B21 /* Info.plist */ = {isa = PBXFileReference; lastKnownFileType = text.plist.xml; path = Info.plist; sourceTree = "<group>"; };
		684855671C15E15E006C1B21 /* Whatch.app */ = {isa = PBXFileReference; explicitFileType = wrapper.application; includeInIndex = 0; path = Whatch.app; sourceTree = BUILT_PRODUCTS_DIR; };
		6848556A1C15E15F006C1B21 /* Base */ = {isa = PBXFileReference; lastKnownFileType = file.storyboard; name = Base; path = Base.lproj/Interface.storyboard; sourceTree = "<group>"; };
		6848556C1C15E15F006C1B21 /* Assets.xcassets */ = {isa = PBXFileReference; lastKnownFileType = folder.assetcatalog; path = Assets.xcassets; sourceTree = "<group>"; };
		6848556E1C15E15F006C1B21 /* Info.plist */ = {isa = PBXFileReference; lastKnownFileType = text.plist.xml; path = Info.plist; sourceTree = "<group>"; };
		684855731C15E15F006C1B21 /* Whatch Extension.appex */ = {isa = PBXFileReference; explicitFileType = "wrapper.app-extension"; includeInIndex = 0; path = "Whatch Extension.appex"; sourceTree = BUILT_PRODUCTS_DIR; };
		684855781C15E15F006C1B21 /* InterfaceController.swift */ = {isa = PBXFileReference; lastKnownFileType = sourcecode.swift; path = InterfaceController.swift; sourceTree = "<group>"; };
		6848557A1C15E15F006C1B21 /* ExtensionDelegate.swift */ = {isa = PBXFileReference; lastKnownFileType = sourcecode.swift; path = ExtensionDelegate.swift; sourceTree = "<group>"; };
		6848557C1C15E15F006C1B21 /* Assets.xcassets */ = {isa = PBXFileReference; lastKnownFileType = folder.assetcatalog; path = Assets.xcassets; sourceTree = "<group>"; };
		6848557E1C15E15F006C1B21 /* Info.plist */ = {isa = PBXFileReference; lastKnownFileType = text.plist.xml; path = Info.plist; sourceTree = "<group>"; };
		6848558A1C15E8F7006C1B21 /* Flight.swift */ = {isa = PBXFileReference; fileEncoding = 4; lastKnownFileType = sourcecode.swift; path = Flight.swift; sourceTree = "<group>"; };
		6848558D1C15E9E5006C1B21 /* Flights.json */ = {isa = PBXFileReference; fileEncoding = 4; lastKnownFileType = text.json; name = Flights.json; path = "Whatch Extension/Flights.json"; sourceTree = "<group>"; };
		684855901C15F36D006C1B21 /* ScheduleInterfaceController.swift */ = {isa = PBXFileReference; fileEncoding = 4; lastKnownFileType = sourcecode.swift; path = ScheduleInterfaceController.swift; sourceTree = "<group>"; };
/* End PBXFileReference section */

/* Begin PBXFrameworksBuildPhase section */
		6848554A1C15DFE2006C1B21 /* Frameworks */ = {
			isa = PBXFrameworksBuildPhase;
			buildActionMask = 2147483647;
			files = (
			);
			runOnlyForDeploymentPostprocessing = 0;
		};
		684855701C15E15F006C1B21 /* Frameworks */ = {
			isa = PBXFrameworksBuildPhase;
			buildActionMask = 2147483647;
			files = (
			);
			runOnlyForDeploymentPostprocessing = 0;
		};
/* End PBXFrameworksBuildPhase section */

/* Begin PBXGroup section */
		684855441C15DFE2006C1B21 = {
			isa = PBXGroup;
			children = (
				6848558A1C15E8F7006C1B21 /* Flight.swift */,
				6848558D1C15E9E5006C1B21 /* Flights.json */,
				6848554F1C15DFE2006C1B21 /* IronSkies */,
				684855681C15E15F006C1B21 /* Whatch */,
				684855771C15E15F006C1B21 /* Whatch Extension */,
				6848554E1C15DFE2006C1B21 /* Products */,
			);
			sourceTree = "<group>";
		};
		6848554E1C15DFE2006C1B21 /* Products */ = {
			isa = PBXGroup;
			children = (
				6848554D1C15DFE2006C1B21 /* IronSkies.app */,
				684855671C15E15E006C1B21 /* Whatch.app */,
				684855731C15E15F006C1B21 /* Whatch Extension.appex */,
			);
			name = Products;
			sourceTree = "<group>";
		};
		6848554F1C15DFE2006C1B21 /* IronSkies */ = {
			isa = PBXGroup;
			children = (
				684855501C15DFE2006C1B21 /* AppDelegate.swift */,
				684855521C15DFE2006C1B21 /* ViewController.swift */,
				684855541C15DFE2006C1B21 /* Main.storyboard */,
				6848555A1C15DFE2006C1B21 /* Assets.xcassets */,
				6848555C1C15DFE2006C1B21 /* LaunchScreen.storyboard */,
				6848555F1C15DFE2006C1B21 /* Info.plist */,
				684855571C15DFE2006C1B21 /* IronSkies.xcdatamodeld */,
			);
			path = IronSkies;
			sourceTree = "<group>";
		};
		684855681C15E15F006C1B21 /* Whatch */ = {
			isa = PBXGroup;
			children = (
				684855691C15E15F006C1B21 /* Interface.storyboard */,
				6848556C1C15E15F006C1B21 /* Assets.xcassets */,
				6848556E1C15E15F006C1B21 /* Info.plist */,
			);
			path = Whatch;
			sourceTree = "<group>";
		};
		684855771C15E15F006C1B21 /* Whatch Extension */ = {
			isa = PBXGroup;
			children = (
				684855781C15E15F006C1B21 /* InterfaceController.swift */,
				6848557A1C15E15F006C1B21 /* ExtensionDelegate.swift */,
				6848557C1C15E15F006C1B21 /* Assets.xcassets */,
				6848557E1C15E15F006C1B21 /* Info.plist */,
				684855901C15F36D006C1B21 /* ScheduleInterfaceController.swift */,
			);
			path = "Whatch Extension";
			sourceTree = "<group>";
		};
/* End PBXGroup section */

/* Begin PBXNativeTarget section */
		6848554C1C15DFE2006C1B21 /* IronSkies */ = {
			isa = PBXNativeTarget;
			buildConfigurationList = 684855621C15DFE2006C1B21 /* Build configuration list for PBXNativeTarget "IronSkies" */;
			buildPhases = (
				684855491C15DFE2006C1B21 /* Sources */,
				6848554A1C15DFE2006C1B21 /* Frameworks */,
				6848554B1C15DFE2006C1B21 /* Resources */,
				684855891C15E15F006C1B21 /* Embed Watch Content */,
			);
			buildRules = (
			);
			dependencies = (
				684855801C15E15F006C1B21 /* PBXTargetDependency */,
			);
			name = IronSkies;
			productName = IronSkies;
			productReference = 6848554D1C15DFE2006C1B21 /* IronSkies.app */;
			productType = "com.apple.product-type.application";
		};
		684855661C15E15E006C1B21 /* Whatch */ = {
			isa = PBXNativeTarget;
			buildConfigurationList = 684855861C15E15F006C1B21 /* Build configuration list for PBXNativeTarget "Whatch" */;
			buildPhases = (
				684855651C15E15E006C1B21 /* Resources */,
				684855851C15E15F006C1B21 /* Embed App Extensions */,
			);
			buildRules = (
			);
			dependencies = (
				684855761C15E15F006C1B21 /* PBXTargetDependency */,
			);
			name = Whatch;
			productName = Whatch;
			productReference = 684855671C15E15E006C1B21 /* Whatch.app */;
			productType = "com.apple.product-type.application.watchapp2";
		};
		684855721C15E15F006C1B21 /* Whatch Extension */ = {
			isa = PBXNativeTarget;
			buildConfigurationList = 684855821C15E15F006C1B21 /* Build configuration list for PBXNativeTarget "Whatch Extension" */;
			buildPhases = (
				6848556F1C15E15F006C1B21 /* Sources */,
				684855701C15E15F006C1B21 /* Frameworks */,
				684855711C15E15F006C1B21 /* Resources */,
			);
			buildRules = (
			);
			dependencies = (
			);
			name = "Whatch Extension";
			productName = "Whatch Extension";
			productReference = 684855731C15E15F006C1B21 /* Whatch Extension.appex */;
			productType = "com.apple.product-type.watchkit2-extension";
		};
/* End PBXNativeTarget section */

/* Begin PBXProject section */
		684855451C15DFE2006C1B21 /* Project object */ = {
			isa = PBXProject;
			attributes = {
				LastUpgradeCheck = 0700;
				ORGANIZATIONNAME = "Pedro Trujillo";
				TargetAttributes = {
					6848554C1C15DFE2006C1B21 = {
						CreatedOnToolsVersion = 7.0.1;
						DevelopmentTeam = S775VU6U75;
					};
					684855661C15E15E006C1B21 = {
						CreatedOnToolsVersion = 7.0.1;
						DevelopmentTeam = S775VU6U75;
					};
					684855721C15E15F006C1B21 = {
						CreatedOnToolsVersion = 7.0.1;
						DevelopmentTeam = S775VU6U75;
					};
				};
			};
			buildConfigurationList = 684855481C15DFE2006C1B21 /* Build configuration list for PBXProject "IronSkies" */;
			compatibilityVersion = "Xcode 3.2";
			developmentRegion = English;
			hasScannedForEncodings = 0;
			knownRegions = (
				en,
				Base,
			);
			mainGroup = 684855441C15DFE2006C1B21;
			productRefGroup = 6848554E1C15DFE2006C1B21 /* Products */;
			projectDirPath = "";
			projectRoot = "";
			targets = (
				6848554C1C15DFE2006C1B21 /* IronSkies */,
				684855661C15E15E006C1B21 /* Whatch */,
				684855721C15E15F006C1B21 /* Whatch Extension */,
			);
		};
/* End PBXProject section */

/* Begin PBXResourcesBuildPhase section */
		6848554B1C15DFE2006C1B21 /* Resources */ = {
			isa = PBXResourcesBuildPhase;
			buildActionMask = 2147483647;
			files = (
				6848555E1C15DFE2006C1B21 /* LaunchScreen.storyboard in Resources */,
				6848558E1C15E9E5006C1B21 /* Flights.json in Resources */,
				6848555B1C15DFE2006C1B21 /* Assets.xcassets in Resources */,
				684855561C15DFE2006C1B21 /* Main.storyboard in Resources */,
			);
			runOnlyForDeploymentPostprocessing = 0;
		};
		684855651C15E15E006C1B21 /* Resources */ = {
			isa = PBXResourcesBuildPhase;
			buildActionMask = 2147483647;
			files = (
				6848556D1C15E15F006C1B21 /* Assets.xcassets in Resources */,
				6848556B1C15E15F006C1B21 /* Interface.storyboard in Resources */,
			);
			runOnlyForDeploymentPostprocessing = 0;
		};
		684855711C15E15F006C1B21 /* Resources */ = {
			isa = PBXResourcesBuildPhase;
			buildActionMask = 2147483647;
			files = (
				6848557D1C15E15F006C1B21 /* Assets.xcassets in Resources */,
				6848558F1C15E9E5006C1B21 /* Flights.json in Resources */,
			);
			runOnlyForDeploymentPostprocessing = 0;
		};
/* End PBXResourcesBuildPhase section */

/* Begin PBXSourcesBuildPhase section */
		684855491C15DFE2006C1B21 /* Sources */ = {
			isa = PBXSourcesBuildPhase;
			buildActionMask = 2147483647;
			files = (
				684855591C15DFE2006C1B21 /* IronSkies.xcdatamodeld in Sources */,
				6848558B1C15E8F7006C1B21 /* Flight.swift in Sources */,
				684855911C15F36D006C1B21 /* ScheduleInterfaceController.swift in Sources */,
				684855531C15DFE2006C1B21 /* ViewController.swift in Sources */,
				684855511C15DFE2006C1B21 /* AppDelegate.swift in Sources */,
			);
			runOnlyForDeploymentPostprocessing = 0;
		};
		6848556F1C15E15F006C1B21 /* Sources */ = {
			isa = PBXSourcesBuildPhase;
			buildActionMask = 2147483647;
			files = (
				6848558C1C15E8F7006C1B21 /* Flight.swift in Sources */,
				6848557B1C15E15F006C1B21 /* ExtensionDelegate.swift in Sources */,
				684855921C15F36D006C1B21 /* ScheduleInterfaceController.swift in Sources */,
				684855791C15E15F006C1B21 /* InterfaceController.swift in Sources */,
			);
			runOnlyForDeploymentPostprocessing = 0;
		};
/* End PBXSourcesBuildPhase section */

/* Begin PBXTargetDependency section */
		684855761C15E15F006C1B21 /* PBXTargetDependency */ = {
			isa = PBXTargetDependency;
			target = 684855721C15E15F006C1B21 /* Whatch Extension */;
			targetProxy = 684855751C15E15F006C1B21 /* PBXContainerItemProxy */;
		};
		684855801C15E15F006C1B21 /* PBXTargetDependency */ = {
			isa = PBXTargetDependency;
			target = 684855661C15E15E006C1B21 /* Whatch */;
			targetProxy = 6848557F1C15E15F006C1B21 /* PBXContainerItemProxy */;
		};
/* End PBXTargetDependency section */

/* Begin PBXVariantGroup section */
		684855541C15DFE2006C1B21 /* Main.storyboard */ = {
			isa = PBXVariantGroup;
			children = (
				684855551C15DFE2006C1B21 /* Base */,
			);
			name = Main.storyboard;
			sourceTree = "<group>";
		};
		6848555C1C15DFE2006C1B21 /* LaunchScreen.storyboard */ = {
			isa = PBXVariantGroup;
			children = (
				6848555D1C15DFE2006C1B21 /* Base */,
			);
			name = LaunchScreen.storyboard;
			sourceTree = "<group>";
		};
		684855691C15E15F006C1B21 /* Interface.storyboard */ = {
			isa = PBXVariantGroup;
			children = (
				6848556A1C15E15F006C1B21 /* Base */,
			);
			name = Interface.storyboard;
			sourceTree = "<group>";
		};
/* End PBXVariantGroup section */

/* Begin XCBuildConfiguration section */
		684855601C15DFE2006C1B21 /* Debug */ = {
			isa = XCBuildConfiguration;
			buildSettings = {
				ALWAYS_SEARCH_USER_PATHS = NO;
				CLANG_CXX_LANGUAGE_STANDARD = "gnu++0x";
				CLANG_CXX_LIBRARY = "libc++";
				CLANG_ENABLE_MODULES = YES;
				CLANG_ENABLE_OBJC_ARC = YES;
				CLANG_WARN_BOOL_CONVERSION = YES;
				CLANG_WARN_CONSTANT_CONVERSION = YES;
				CLANG_WARN_DIRECT_OBJC_ISA_USAGE = YES_ERROR;
				CLANG_WARN_EMPTY_BODY = YES;
				CLANG_WARN_ENUM_CONVERSION = YES;
				CLANG_WARN_INT_CONVERSION = YES;
				CLANG_WARN_OBJC_ROOT_CLASS = YES_ERROR;
				CLANG_WARN_UNREACHABLE_CODE = YES;
				CLANG_WARN__DUPLICATE_METHOD_MATCH = YES;
				"CODE_SIGN_IDENTITY[sdk=iphoneos*]" = "iPhone Developer";
				COPY_PHASE_STRIP = NO;
				DEBUG_INFORMATION_FORMAT = dwarf;
				ENABLE_STRICT_OBJC_MSGSEND = YES;
				ENABLE_TESTABILITY = YES;
				GCC_C_LANGUAGE_STANDARD = gnu99;
				GCC_DYNAMIC_NO_PIC = NO;
				GCC_NO_COMMON_BLOCKS = YES;
				GCC_OPTIMIZATION_LEVEL = 0;
				GCC_PREPROCESSOR_DEFINITIONS = (
					"DEBUG=1",
					"$(inherited)",
				);
				GCC_WARN_64_TO_32_BIT_CONVERSION = YES;
				GCC_WARN_ABOUT_RETURN_TYPE = YES_ERROR;
				GCC_WARN_UNDECLARED_SELECTOR = YES;
				GCC_WARN_UNINITIALIZED_AUTOS = YES_AGGRESSIVE;
				GCC_WARN_UNUSED_FUNCTION = YES;
				GCC_WARN_UNUSED_VARIABLE = YES;
				IPHONEOS_DEPLOYMENT_TARGET = 9.0;
				MTL_ENABLE_DEBUG_INFO = YES;
				ONLY_ACTIVE_ARCH = YES;
				SDKROOT = iphoneos;
				SWIFT_OPTIMIZATION_LEVEL = "-Onone";
			};
			name = Debug;
		};
		684855611C15DFE2006C1B21 /* Release */ = {
			isa = XCBuildConfiguration;
			buildSettings = {
				ALWAYS_SEARCH_USER_PATHS = NO;
				CLANG_CXX_LANGUAGE_STANDARD = "gnu++0x";
				CLANG_CXX_LIBRARY = "libc++";
				CLANG_ENABLE_MODULES = YES;
				CLANG_ENABLE_OBJC_ARC = YES;
				CLANG_WARN_BOOL_CONVERSION = YES;
				CLANG_WARN_CONSTANT_CONVERSION = YES;
				CLANG_WARN_DIRECT_OBJC_ISA_USAGE = YES_ERROR;
				CLANG_WARN_EMPTY_BODY = YES;
				CLANG_WARN_ENUM_CONVERSION = YES;
				CLANG_WARN_INT_CONVERSION = YES;
				CLANG_WARN_OBJC_ROOT_CLASS = YES_ERROR;
				CLANG_WARN_UNREACHABLE_CODE = YES;
				CLANG_WARN__DUPLICATE_METHOD_MATCH = YES;
				"CODE_SIGN_IDENTITY[sdk=iphoneos*]" = "iPhone Developer";
				COPY_PHASE_STRIP = NO;
				DEBUG_INFORMATION_FORMAT = "dwarf-with-dsym";
				ENABLE_NS_ASSERTIONS = NO;
				ENABLE_STRICT_OBJC_MSGSEND = YES;
				GCC_C_LANGUAGE_STANDARD = gnu99;
				GCC_NO_COMMON_BLOCKS = YES;
				GCC_WARN_64_TO_32_BIT_CONVERSION = YES;
				GCC_WARN_ABOUT_RETURN_TYPE = YES_ERROR;
				GCC_WARN_UNDECLARED_SELECTOR = YES;
				GCC_WARN_UNINITIALIZED_AUTOS = YES_AGGRESSIVE;
				GCC_WARN_UNUSED_FUNCTION = YES;
				GCC_WARN_UNUSED_VARIABLE = YES;
				IPHONEOS_DEPLOYMENT_TARGET = 9.0;
				MTL_ENABLE_DEBUG_INFO = NO;
				SDKROOT = iphoneos;
				VALIDATE_PRODUCT = YES;
			};
			name = Release;
		};
		684855631C15DFE2006C1B21 /* Debug */ = {
			isa = XCBuildConfiguration;
			buildSettings = {
				ASSETCATALOG_COMPILER_APPICON_NAME = AppIcon;
				INFOPLIST_FILE = IronSkies/Info.plist;
				LD_RUNPATH_SEARCH_PATHS = "$(inherited) @executable_path/Frameworks";
				PRODUCT_BUNDLE_IDENTIFIER = com.tiy.IronSkies;
				PRODUCT_NAME = "$(TARGET_NAME)";
			};
			name = Debug;
		};
		684855641C15DFE2006C1B21 /* Release */ = {
			isa = XCBuildConfiguration;
			buildSettings = {
				ASSETCATALOG_COMPILER_APPICON_NAME = AppIcon;
				INFOPLIST_FILE = IronSkies/Info.plist;
				LD_RUNPATH_SEARCH_PATHS = "$(inherited) @executable_path/Frameworks";
				PRODUCT_BUNDLE_IDENTIFIER = com.tiy.IronSkies;
				PRODUCT_NAME = "$(TARGET_NAME)";
			};
			name = Release;
		};
		684855831C15E15F006C1B21 /* Debug */ = {
			isa = XCBuildConfiguration;
			buildSettings = {
				INFOPLIST_FILE = "Whatch Extension/Info.plist";
				LD_RUNPATH_SEARCH_PATHS = "$(inherited) @executable_path/Frameworks @executable_path/../../Frameworks";
				PRODUCT_BUNDLE_IDENTIFIER = com.tiy.IronSkies.watchkitapp.watchkitextension;
				PRODUCT_NAME = "${TARGET_NAME}";
				SDKROOT = watchos;
				SKIP_INSTALL = YES;
				TARGETED_DEVICE_FAMILY = 4;
				WATCHOS_DEPLOYMENT_TARGET = 2.0;
			};
			name = Debug;
		};
		684855841C15E15F006C1B21 /* Release */ = {
			isa = XCBuildConfiguration;
			buildSettings = {
				INFOPLIST_FILE = "Whatch Extension/Info.plist";
				LD_RUNPATH_SEARCH_PATHS = "$(inherited) @executable_path/Frameworks @executable_path/../../Frameworks";
				PRODUCT_BUNDLE_IDENTIFIER = com.tiy.IronSkies.watchkitapp.watchkitextension;
				PRODUCT_NAME = "${TARGET_NAME}";
				SDKROOT = watchos;
				SKIP_INSTALL = YES;
				TARGETED_DEVICE_FAMILY = 4;
				WATCHOS_DEPLOYMENT_TARGET = 2.0;
			};
			name = Release;
		};
		684855871C15E15F006C1B21 /* Debug */ = {
			isa = XCBuildConfiguration;
			buildSettings = {
				ASSETCATALOG_COMPILER_APPICON_NAME = AppIcon;
				EMBEDDED_CONTENT_CONTAINS_SWIFT = YES;
				IBSC_MODULE = Whatch_Extension;
				INFOPLIST_FILE = Whatch/Info.plist;
				PRODUCT_BUNDLE_IDENTIFIER = com.tiy.IronSkies.watchkitapp;
				PRODUCT_NAME = "$(TARGET_NAME)";
				SDKROOT = watchos;
				SKIP_INSTALL = YES;
				TARGETED_DEVICE_FAMILY = 4;
				WATCHOS_DEPLOYMENT_TARGET = 2.0;
			};
			name = Debug;
		};
		684855881C15E15F006C1B21 /* Release */ = {
			isa = XCBuildConfiguration;
			buildSettings = {
				ASSETCATALOG_COMPILER_APPICON_NAME = AppIcon;
				EMBEDDED_CONTENT_CONTAINS_SWIFT = YES;
				IBSC_MODULE = Whatch_Extension;
				INFOPLIST_FILE = Whatch/Info.plist;
				PRODUCT_BUNDLE_IDENTIFIER = com.tiy.IronSkies.watchkitapp;
				PRODUCT_NAME = "$(TARGET_NAME)";
				SDKROOT = watchos;
				SKIP_INSTALL = YES;
				TARGETED_DEVICE_FAMILY = 4;
				WATCHOS_DEPLOYMENT_TARGET = 2.0;
			};
			name = Release;
		};
/* End XCBuildConfiguration section */

/* Begin XCConfigurationList section */
		684855481C15DFE2006C1B21 /* Build configuration list for PBXProject "IronSkies" */ = {
			isa = XCConfigurationList;
			buildConfigurations = (
				684855601C15DFE2006C1B21 /* Debug */,
				684855611C15DFE2006C1B21 /* Release */,
			);
			defaultConfigurationIsVisible = 0;
			defaultConfigurationName = Release;
		};
		684855621C15DFE2006C1B21 /* Build configuration list for PBXNativeTarget "IronSkies" */ = {
			isa = XCConfigurationList;
			buildConfigurations = (
				684855631C15DFE2006C1B21 /* Debug */,
				684855641C15DFE2006C1B21 /* Release */,
			);
			defaultConfigurationIsVisible = 0;
		};
		684855821C15E15F006C1B21 /* Build configuration list for PBXNativeTarget "Whatch Extension" */ = {
			isa = XCConfigurationList;
			buildConfigurations = (
				684855831C15E15F006C1B21 /* Debug */,
				684855841C15E15F006C1B21 /* Release */,
			);
			defaultConfigurationIsVisible = 0;
		};
		684855861C15E15F006C1B21 /* Build configuration list for PBXNativeTarget "Whatch" */ = {
			isa = XCConfigurationList;
			buildConfigurations = (
				684855871C15E15F006C1B21 /* Debug */,
				684855881C15E15F006C1B21 /* Release */,
			);
			defaultConfigurationIsVisible = 0;
		};
/* End XCConfigurationList section */

/* Begin XCVersionGroup section */
		684855571C15DFE2006C1B21 /* IronSkies.xcdatamodeld */ = {
			isa = XCVersionGroup;
			children = (
				684855581C15DFE2006C1B21 /* IronSkies.xcdatamodel */,
			);
			currentVersion = 684855581C15DFE2006C1B21 /* IronSkies.xcdatamodel */;
			path = IronSkies.xcdatamodeld;
			sourceTree = "<group>";
			versionGroupType = wrapper.xcdatamodel;
		};
/* End XCVersionGroup section */
	};
	rootObject = 684855451C15DFE2006C1B21 /* Project object */;
}
