// !$*UTF8*$!
{
	archiveVersion = 1;
	classes = {
	};
	objectVersion = 46;
	objects = {

/* Begin PBXBuildFile section */
		686FBDC51BCC2C2E004080FA /* AppDelegate.swift in Sources */ = {isa = PBXBuildFile; fileRef = 686FBDC41BCC2C2E004080FA /* AppDelegate.swift */; };
		686FBDCC1BCC2C2E004080FA /* Assets.xcassets in Resources */ = {isa = PBXBuildFile; fileRef = 686FBDCB1BCC2C2E004080FA /* Assets.xcassets */; };
		686FBDD71BCC2FFE004080FA /* SHIELD_HeroTrackerTableViewController.swift in Sources */ = {isa = PBXBuildFile; fileRef = 686FBDD61BCC2FFD004080FA /* SHIELD_HeroTrackerTableViewController.swift */; settings = {ASSET_TAGS = (); }; };
		686FBDDB1BCC3370004080FA /* HeroDetailViewController.swift in Sources */ = {isa = PBXBuildFile; fileRef = 686FBDDA1BCC3370004080FA /* HeroDetailViewController.swift */; settings = {ASSET_TAGS = (); }; };
		686FBDDD1BCC3C95004080FA /* Hero.swift in Sources */ = {isa = PBXBuildFile; fileRef = 686FBDDC1BCC3C95004080FA /* Hero.swift */; settings = {ASSET_TAGS = (); }; };
		686FBDDF1BCC3CE9004080FA /* heroes.json in Resources */ = {isa = PBXBuildFile; fileRef = 686FBDDE1BCC3CE9004080FA /* heroes.json */; settings = {ASSET_TAGS = (); }; };
		68809A981BCD588300824DF1 /* Main.storyboard in Resources */ = {isa = PBXBuildFile; fileRef = 68809A971BCD588300824DF1 /* Main.storyboard */; settings = {ASSET_TAGS = (); }; };
/* End PBXBuildFile section */

/* Begin PBXFileReference section */
		686FBDC11BCC2C2E004080FA /* SHIELD_HeroTracker.app */ = {isa = PBXFileReference; explicitFileType = wrapper.application; includeInIndex = 0; path = SHIELD_HeroTracker.app; sourceTree = BUILT_PRODUCTS_DIR; };
		686FBDC41BCC2C2E004080FA /* AppDelegate.swift */ = {isa = PBXFileReference; lastKnownFileType = sourcecode.swift; path = AppDelegate.swift; sourceTree = "<group>"; };
		686FBDCB1BCC2C2E004080FA /* Assets.xcassets */ = {isa = PBXFileReference; lastKnownFileType = folder.assetcatalog; path = Assets.xcassets; sourceTree = "<group>"; };
		686FBDD01BCC2C2E004080FA /* Info.plist */ = {isa = PBXFileReference; lastKnownFileType = text.plist.xml; path = Info.plist; sourceTree = "<group>"; };
		686FBDD61BCC2FFD004080FA /* SHIELD_HeroTrackerTableViewController.swift */ = {isa = PBXFileReference; fileEncoding = 4; lastKnownFileType = sourcecode.swift; path = SHIELD_HeroTrackerTableViewController.swift; sourceTree = "<group>"; };
		686FBDDA1BCC3370004080FA /* HeroDetailViewController.swift */ = {isa = PBXFileReference; fileEncoding = 4; lastKnownFileType = sourcecode.swift; path = HeroDetailViewController.swift; sourceTree = "<group>"; };
		686FBDDC1BCC3C95004080FA /* Hero.swift */ = {isa = PBXFileReference; fileEncoding = 4; lastKnownFileType = sourcecode.swift; path = Hero.swift; sourceTree = "<group>"; };
		686FBDDE1BCC3CE9004080FA /* heroes.json */ = {isa = PBXFileReference; fileEncoding = 4; lastKnownFileType = text.json; path = heroes.json; sourceTree = "<group>"; };
		68809A971BCD588300824DF1 /* Main.storyboard */ = {isa = PBXFileReference; fileEncoding = 4; lastKnownFileType = file.storyboard; path = Main.storyboard; sourceTree = "<group>"; };
/* End PBXFileReference section */

/* Begin PBXFrameworksBuildPhase section */
		686FBDBE1BCC2C2E004080FA /* Frameworks */ = {
			isa = PBXFrameworksBuildPhase;
			buildActionMask = 2147483647;
			files = (
			);
			runOnlyForDeploymentPostprocessing = 0;
		};
/* End PBXFrameworksBuildPhase section */

/* Begin PBXGroup section */
		686FBDB81BCC2C2E004080FA = {
			isa = PBXGroup;
			children = (
				686FBDC31BCC2C2E004080FA /* SHIELD_HeroTracker */,
				686FBDC21BCC2C2E004080FA /* Products */,
			);
			sourceTree = "<group>";
		};
		686FBDC21BCC2C2E004080FA /* Products */ = {
			isa = PBXGroup;
			children = (
				686FBDC11BCC2C2E004080FA /* SHIELD_HeroTracker.app */,
			);
			name = Products;
			sourceTree = "<group>";
		};
		686FBDC31BCC2C2E004080FA /* SHIELD_HeroTracker */ = {
			isa = PBXGroup;
			children = (
				686FBDC41BCC2C2E004080FA /* AppDelegate.swift */,
				686FBDCB1BCC2C2E004080FA /* Assets.xcassets */,
				686FBDD01BCC2C2E004080FA /* Info.plist */,
				686FBDDE1BCC3CE9004080FA /* heroes.json */,
				68809A971BCD588300824DF1 /* Main.storyboard */,
				686FBDD61BCC2FFD004080FA /* SHIELD_HeroTrackerTableViewController.swift */,
				686FBDDA1BCC3370004080FA /* HeroDetailViewController.swift */,
				686FBDDC1BCC3C95004080FA /* Hero.swift */,
			);
			path = SHIELD_HeroTracker;
			sourceTree = "<group>";
		};
/* End PBXGroup section */

/* Begin PBXNativeTarget section */
		686FBDC01BCC2C2E004080FA /* SHIELD_HeroTracker */ = {
			isa = PBXNativeTarget;
			buildConfigurationList = 686FBDD31BCC2C2E004080FA /* Build configuration list for PBXNativeTarget "SHIELD_HeroTracker" */;
			buildPhases = (
				686FBDBD1BCC2C2E004080FA /* Sources */,
				686FBDBE1BCC2C2E004080FA /* Frameworks */,
				686FBDBF1BCC2C2E004080FA /* Resources */,
			);
			buildRules = (
			);
			dependencies = (
			);
			name = SHIELD_HeroTracker;
			productName = SHIELD_HeroTracker;
			productReference = 686FBDC11BCC2C2E004080FA /* SHIELD_HeroTracker.app */;
			productType = "com.apple.product-type.application";
		};
/* End PBXNativeTarget section */

/* Begin PBXProject section */
		686FBDB91BCC2C2E004080FA /* Project object */ = {
			isa = PBXProject;
			attributes = {
				LastUpgradeCheck = 0700;
				ORGANIZATIONNAME = "Pedro Trujillo";
				TargetAttributes = {
					686FBDC01BCC2C2E004080FA = {
						CreatedOnToolsVersion = 7.0.1;
					};
				};
			};
			buildConfigurationList = 686FBDBC1BCC2C2E004080FA /* Build configuration list for PBXProject "SHIELD_HeroTracker" */;
			compatibilityVersion = "Xcode 3.2";
			developmentRegion = English;
			hasScannedForEncodings = 0;
			knownRegions = (
				en,
				Base,
			);
			mainGroup = 686FBDB81BCC2C2E004080FA;
			productRefGroup = 686FBDC21BCC2C2E004080FA /* Products */;
			projectDirPath = "";
			projectRoot = "";
			targets = (
				686FBDC01BCC2C2E004080FA /* SHIELD_HeroTracker */,
			);
		};
/* End PBXProject section */

/* Begin PBXResourcesBuildPhase section */
		686FBDBF1BCC2C2E004080FA /* Resources */ = {
			isa = PBXResourcesBuildPhase;
			buildActionMask = 2147483647;
			files = (
				686FBDDF1BCC3CE9004080FA /* heroes.json in Resources */,
				686FBDCC1BCC2C2E004080FA /* Assets.xcassets in Resources */,
				68809A981BCD588300824DF1 /* Main.storyboard in Resources */,
			);
			runOnlyForDeploymentPostprocessing = 0;
		};
/* End PBXResourcesBuildPhase section */

/* Begin PBXSourcesBuildPhase section */
		686FBDBD1BCC2C2E004080FA /* Sources */ = {
			isa = PBXSourcesBuildPhase;
			buildActionMask = 2147483647;
			files = (
				686FBDDB1BCC3370004080FA /* HeroDetailViewController.swift in Sources */,
				686FBDC51BCC2C2E004080FA /* AppDelegate.swift in Sources */,
				686FBDD71BCC2FFE004080FA /* SHIELD_HeroTrackerTableViewController.swift in Sources */,
				686FBDDD1BCC3C95004080FA /* Hero.swift in Sources */,
			);
			runOnlyForDeploymentPostprocessing = 0;
		};
/* End PBXSourcesBuildPhase section */

/* Begin XCBuildConfiguration section */
		686FBDD11BCC2C2E004080FA /* Debug */ = {
			isa = XCBuildConfiguration;
			buildSettings = {
				ALWAYS_SEARCH_USER_PATHS = NO;
				CLANG_CXX_LANGUAGE_STANDARD = "gnu++0x";
				CLANG_CXX_LIBRARY = "libc++";
				CLANG_ENABLE_MODULES = YES;
				CLANG_ENABLE_OBJC_ARC = YES;
				CLANG_WARN_BOOL_CONVERSION = YES;
				CLANG_WARN_CONSTANT_CONVERSION = YES;
				CLANG_WARN_DIRECT_OBJC_ISA_USAGE = YES_ERROR;
				CLANG_WARN_EMPTY_BODY = YES;
				CLANG_WARN_ENUM_CONVERSION = YES;
				CLANG_WARN_INT_CONVERSION = YES;
				CLANG_WARN_OBJC_ROOT_CLASS = YES_ERROR;
				CLANG_WARN_UNREACHABLE_CODE = YES;
				CLANG_WARN__DUPLICATE_METHOD_MATCH = YES;
				"CODE_SIGN_IDENTITY[sdk=iphoneos*]" = "iPhone Developer";
				COPY_PHASE_STRIP = NO;
				DEBUG_INFORMATION_FORMAT = dwarf;
				ENABLE_STRICT_OBJC_MSGSEND = YES;
				ENABLE_TESTABILITY = YES;
				GCC_C_LANGUAGE_STANDARD = gnu99;
				GCC_DYNAMIC_NO_PIC = NO;
				GCC_NO_COMMON_BLOCKS = YES;
				GCC_OPTIMIZATION_LEVEL = 0;
				GCC_PREPROCESSOR_DEFINITIONS = (
					"DEBUG=1",
					"$(inherited)",
				);
				GCC_WARN_64_TO_32_BIT_CONVERSION = YES;
				GCC_WARN_ABOUT_RETURN_TYPE = YES_ERROR;
				GCC_WARN_UNDECLARED_SELECTOR = YES;
				GCC_WARN_UNINITIALIZED_AUTOS = YES_AGGRESSIVE;
				GCC_WARN_UNUSED_FUNCTION = YES;
				GCC_WARN_UNUSED_VARIABLE = YES;
				IPHONEOS_DEPLOYMENT_TARGET = 9.0;
				MTL_ENABLE_DEBUG_INFO = YES;
				ONLY_ACTIVE_ARCH = YES;
				SDKROOT = iphoneos;
				SWIFT_OPTIMIZATION_LEVEL = "-Onone";
			};
			name = Debug;
		};
		686FBDD21BCC2C2E004080FA /* Release */ = {
			isa = XCBuildConfiguration;
			buildSettings = {
				ALWAYS_SEARCH_USER_PATHS = NO;
				CLANG_CXX_LANGUAGE_STANDARD = "gnu++0x";
				CLANG_CXX_LIBRARY = "libc++";
				CLANG_ENABLE_MODULES = YES;
				CLANG_ENABLE_OBJC_ARC = YES;
				CLANG_WARN_BOOL_CONVERSION = YES;
				CLANG_WARN_CONSTANT_CONVERSION = YES;
				CLANG_WARN_DIRECT_OBJC_ISA_USAGE = YES_ERROR;
				CLANG_WARN_EMPTY_BODY = YES;
				CLANG_WARN_ENUM_CONVERSION = YES;
				CLANG_WARN_INT_CONVERSION = YES;
				CLANG_WARN_OBJC_ROOT_CLASS = YES_ERROR;
				CLANG_WARN_UNREACHABLE_CODE = YES;
				CLANG_WARN__DUPLICATE_METHOD_MATCH = YES;
				"CODE_SIGN_IDENTITY[sdk=iphoneos*]" = "iPhone Developer";
				COPY_PHASE_STRIP = NO;
				DEBUG_INFORMATION_FORMAT = "dwarf-with-dsym";
				ENABLE_NS_ASSERTIONS = NO;
				ENABLE_STRICT_OBJC_MSGSEND = YES;
				GCC_C_LANGUAGE_STANDARD = gnu99;
				GCC_NO_COMMON_BLOCKS = YES;
				GCC_WARN_64_TO_32_BIT_CONVERSION = YES;
				GCC_WARN_ABOUT_RETURN_TYPE = YES_ERROR;
				GCC_WARN_UNDECLARED_SELECTOR = YES;
				GCC_WARN_UNINITIALIZED_AUTOS = YES_AGGRESSIVE;
				GCC_WARN_UNUSED_FUNCTION = YES;
				GCC_WARN_UNUSED_VARIABLE = YES;
				IPHONEOS_DEPLOYMENT_TARGET = 9.0;
				MTL_ENABLE_DEBUG_INFO = NO;
				SDKROOT = iphoneos;
				VALIDATE_PRODUCT = YES;
			};
			name = Release;
		};
		686FBDD41BCC2C2E004080FA /* Debug */ = {
			isa = XCBuildConfiguration;
			buildSettings = {
				ASSETCATALOG_COMPILER_APPICON_NAME = AppIcon;
				INFOPLIST_FILE = SHIELD_HeroTracker/Info.plist;
				LD_RUNPATH_SEARCH_PATHS = "$(inherited) @executable_path/Frameworks";
				PRODUCT_BUNDLE_IDENTIFIER = "com.tiy.SHIELD-HeroTracker";
				PRODUCT_NAME = "$(TARGET_NAME)";
			};
			name = Debug;
		};
		686FBDD51BCC2C2E004080FA /* Release */ = {
			isa = XCBuildConfiguration;
			buildSettings = {
				ASSETCATALOG_COMPILER_APPICON_NAME = AppIcon;
				INFOPLIST_FILE = SHIELD_HeroTracker/Info.plist;
				LD_RUNPATH_SEARCH_PATHS = "$(inherited) @executable_path/Frameworks";
				PRODUCT_BUNDLE_IDENTIFIER = "com.tiy.SHIELD-HeroTracker";
				PRODUCT_NAME = "$(TARGET_NAME)";
			};
			name = Release;
		};
/* End XCBuildConfiguration section */

/* Begin XCConfigurationList section */
		686FBDBC1BCC2C2E004080FA /* Build configuration list for PBXProject "SHIELD_HeroTracker" */ = {
			isa = XCConfigurationList;
			buildConfigurations = (
				686FBDD11BCC2C2E004080FA /* Debug */,
				686FBDD21BCC2C2E004080FA /* Release */,
			);
			defaultConfigurationIsVisible = 0;
			defaultConfigurationName = Release;
		};
		686FBDD31BCC2C2E004080FA /* Build configuration list for PBXNativeTarget "SHIELD_HeroTracker" */ = {
			isa = XCConfigurationList;
			buildConfigurations = (
				686FBDD41BCC2C2E004080FA /* Debug */,
				686FBDD51BCC2C2E004080FA /* Release */,
			);
			defaultConfigurationIsVisible = 0;
			defaultConfigurationName = Release;
		};
/* End XCConfigurationList section */
	};
	rootObject = 686FBDB91BCC2C2E004080FA /* Project object */;
}
